// !$*UTF8*$!
{
	archiveVersion = 1;
	classes = {
	};
	objectVersion = 77;
	objects = {

/* Begin PBXBuildFile section */
		7837C10B2E34C45B009396B0 /* SwiftUI.framework in Frameworks */ = {isa = PBXBuildFile; fileRef = 78917F5D2B99AE72005E10FA /* SwiftUI.framework */; };
		7837C10C2E34C45B009396B0 /* WidgetKit.framework in Frameworks */ = {isa = PBXBuildFile; fileRef = 78917F5B2B99AE72005E10FA /* WidgetKit.framework */; };
		7837C10E2E34C45B009396B0 /* Localizable.xcstrings in Resources */ = {isa = PBXBuildFile; fileRef = 7881A98B2C1F77AB00B1F83B /* Localizable.xcstrings */; };
		7837C1172E34C47D009396B0 /* WidgetBundleWatch.appex in Embed Foundation Extensions */ = {isa = PBXBuildFile; fileRef = 7837C1152E34C45B009396B0 /* WidgetBundleWatch.appex */; settings = {ATTRIBUTES = (RemoveHeadersOnCopy, ); }; };
		785F084D2B12D41100244EB4 /* AppDelegate.swift in Sources */ = {isa = PBXBuildFile; fileRef = 785F084C2B12D41100244EB4 /* AppDelegate.swift */; };
		785F084F2B12D41100244EB4 /* SceneDelegate.swift in Sources */ = {isa = PBXBuildFile; fileRef = 785F084E2B12D41100244EB4 /* SceneDelegate.swift */; };
		785F08592B12D41300244EB4 /* LaunchScreen.storyboard in Resources */ = {isa = PBXBuildFile; fileRef = 785F08572B12D41300244EB4 /* LaunchScreen.storyboard */; };
		786DAE232E4F28A600BE3137 /* DeveloperView.swift in Sources */ = {isa = PBXBuildFile; fileRef = 786DAE172E4F28A600BE3137 /* DeveloperView.swift */; };
		786DAE242E4F28A600BE3137 /* DeveloperView+BuildInfo.swift in Sources */ = {isa = PBXBuildFile; fileRef = 786DAE182E4F28A600BE3137 /* DeveloperView+BuildInfo.swift */; };
		786DAE252E4F28A600BE3137 /* DeveloperView+DeviceInfo.swift in Sources */ = {isa = PBXBuildFile; fileRef = 786DAE192E4F28A600BE3137 /* DeveloperView+DeviceInfo.swift */; };
		786DAE262E4F28A600BE3137 /* DeveloperView+Settings.swift in Sources */ = {isa = PBXBuildFile; fileRef = 786DAE1A2E4F28A600BE3137 /* DeveloperView+Settings.swift */; };
		786DAE272E4F28A600BE3137 /* MalachiteAboutView.swift in Sources */ = {isa = PBXBuildFile; fileRef = 786DAE1C2E4F28A600BE3137 /* MalachiteAboutView.swift */; };
		786DAE282E4F28A600BE3137 /* MalachiteCompatibilityView.swift in Sources */ = {isa = PBXBuildFile; fileRef = 786DAE1D2E4F28A600BE3137 /* MalachiteCompatibilityView.swift */; };
		786DAE292E4F28A600BE3137 /* MalachitePhotoPreview.swift in Sources */ = {isa = PBXBuildFile; fileRef = 786DAE1E2E4F28A600BE3137 /* MalachitePhotoPreview.swift */; };
		786DAE2A2E4F28A600BE3137 /* SettingsView+Help.swift in Sources */ = {isa = PBXBuildFile; fileRef = 786DAE1F2E4F28A600BE3137 /* SettingsView+Help.swift */; };
		786DAE2B2E4F28A600BE3137 /* SettingsView.swift in Sources */ = {isa = PBXBuildFile; fileRef = 786DAE202E4F28A600BE3137 /* SettingsView.swift */; };
		786DAE2C2E4F28A600BE3137 /* MalachiteView.swift in Sources */ = {isa = PBXBuildFile; fileRef = 786DAE212E4F28A600BE3137 /* MalachiteView.swift */; };
		786DAE2D2E4F28A600BE3137 /* DeveloperView.swift in Sources */ = {isa = PBXBuildFile; fileRef = 786DAE172E4F28A600BE3137 /* DeveloperView.swift */; };
		786DAE2E2E4F28A600BE3137 /* DeveloperView+BuildInfo.swift in Sources */ = {isa = PBXBuildFile; fileRef = 786DAE182E4F28A600BE3137 /* DeveloperView+BuildInfo.swift */; };
		786DAE2F2E4F28A600BE3137 /* DeveloperView+DeviceInfo.swift in Sources */ = {isa = PBXBuildFile; fileRef = 786DAE192E4F28A600BE3137 /* DeveloperView+DeviceInfo.swift */; };
		786DAE302E4F28A600BE3137 /* DeveloperView+Settings.swift in Sources */ = {isa = PBXBuildFile; fileRef = 786DAE1A2E4F28A600BE3137 /* DeveloperView+Settings.swift */; };
		786DAE312E4F28A600BE3137 /* MalachiteAboutView.swift in Sources */ = {isa = PBXBuildFile; fileRef = 786DAE1C2E4F28A600BE3137 /* MalachiteAboutView.swift */; };
		786DAE322E4F28A600BE3137 /* MalachiteCompatibilityView.swift in Sources */ = {isa = PBXBuildFile; fileRef = 786DAE1D2E4F28A600BE3137 /* MalachiteCompatibilityView.swift */; };
		786DAE332E4F28A600BE3137 /* MalachitePhotoPreview.swift in Sources */ = {isa = PBXBuildFile; fileRef = 786DAE1E2E4F28A600BE3137 /* MalachitePhotoPreview.swift */; };
		786DAE342E4F28A600BE3137 /* SettingsView+Help.swift in Sources */ = {isa = PBXBuildFile; fileRef = 786DAE1F2E4F28A600BE3137 /* SettingsView+Help.swift */; };
		786DAE352E4F28A600BE3137 /* SettingsView.swift in Sources */ = {isa = PBXBuildFile; fileRef = 786DAE202E4F28A600BE3137 /* SettingsView.swift */; };
		786DAE362E4F28A600BE3137 /* MalachiteView.swift in Sources */ = {isa = PBXBuildFile; fileRef = 786DAE212E4F28A600BE3137 /* MalachiteView.swift */; };
		786DAE372E4F28A600BE3137 /* DeveloperView.swift in Sources */ = {isa = PBXBuildFile; fileRef = 786DAE172E4F28A600BE3137 /* DeveloperView.swift */; };
		786DAE382E4F28A600BE3137 /* DeveloperView+BuildInfo.swift in Sources */ = {isa = PBXBuildFile; fileRef = 786DAE182E4F28A600BE3137 /* DeveloperView+BuildInfo.swift */; };
		786DAE392E4F28A600BE3137 /* DeveloperView+DeviceInfo.swift in Sources */ = {isa = PBXBuildFile; fileRef = 786DAE192E4F28A600BE3137 /* DeveloperView+DeviceInfo.swift */; };
		786DAE3A2E4F28A600BE3137 /* DeveloperView+Settings.swift in Sources */ = {isa = PBXBuildFile; fileRef = 786DAE1A2E4F28A600BE3137 /* DeveloperView+Settings.swift */; };
		786DAE3B2E4F28A600BE3137 /* MalachiteAboutView.swift in Sources */ = {isa = PBXBuildFile; fileRef = 786DAE1C2E4F28A600BE3137 /* MalachiteAboutView.swift */; };
		786DAE3C2E4F28A600BE3137 /* MalachiteCompatibilityView.swift in Sources */ = {isa = PBXBuildFile; fileRef = 786DAE1D2E4F28A600BE3137 /* MalachiteCompatibilityView.swift */; };
		786DAE3D2E4F28A600BE3137 /* MalachitePhotoPreview.swift in Sources */ = {isa = PBXBuildFile; fileRef = 786DAE1E2E4F28A600BE3137 /* MalachitePhotoPreview.swift */; };
		786DAE3E2E4F28A600BE3137 /* SettingsView+Help.swift in Sources */ = {isa = PBXBuildFile; fileRef = 786DAE1F2E4F28A600BE3137 /* SettingsView+Help.swift */; };
		786DAE3F2E4F28A600BE3137 /* SettingsView.swift in Sources */ = {isa = PBXBuildFile; fileRef = 786DAE202E4F28A600BE3137 /* SettingsView.swift */; };
		786DAE402E4F28A600BE3137 /* MalachiteView.swift in Sources */ = {isa = PBXBuildFile; fileRef = 786DAE212E4F28A600BE3137 /* MalachiteView.swift */; };
		786DAE4C2E4F28B100BE3137 /* MalachitePreferences.swift in Sources */ = {isa = PBXBuildFile; fileRef = 786DAE412E4F28B100BE3137 /* MalachitePreferences.swift */; };
		786DAE4D2E4F28B100BE3137 /* MalachitePreferencesUtils.swift in Sources */ = {isa = PBXBuildFile; fileRef = 786DAE422E4F28B100BE3137 /* MalachitePreferencesUtils.swift */; };
		786DAE4E2E4F28B100BE3137 /* MalachiteFunctionUtils.swift in Sources */ = {isa = PBXBuildFile; fileRef = 786DAE442E4F28B100BE3137 /* MalachiteFunctionUtils.swift */; };
		786DAE4F2E4F28B100BE3137 /* MalachiteGameUtils.swift in Sources */ = {isa = PBXBuildFile; fileRef = 786DAE452E4F28B100BE3137 /* MalachiteGameUtils.swift */; };
		786DAE502E4F28B100BE3137 /* MalachiteHapticUtils.swift in Sources */ = {isa = PBXBuildFile; fileRef = 786DAE462E4F28B100BE3137 /* MalachiteHapticUtils.swift */; };
		786DAE512E4F28B100BE3137 /* MalachiteIntentUtils.swift in Sources */ = {isa = PBXBuildFile; fileRef = 786DAE472E4F28B100BE3137 /* MalachiteIntentUtils.swift */; };
		786DAE522E4F28B100BE3137 /* MalachiteTooltipUtils.swift in Sources */ = {isa = PBXBuildFile; fileRef = 786DAE482E4F28B100BE3137 /* MalachiteTooltipUtils.swift */; };
		786DAE532E4F28B100BE3137 /* MalachiteUtils.swift in Sources */ = {isa = PBXBuildFile; fileRef = 786DAE492E4F28B100BE3137 /* MalachiteUtils.swift */; };
		786DAE542E4F28B100BE3137 /* MalachiteViewUtils.swift in Sources */ = {isa = PBXBuildFile; fileRef = 786DAE4A2E4F28B100BE3137 /* MalachiteViewUtils.swift */; };
		786DAE552E4F28B100BE3137 /* MalachitePreferences.swift in Sources */ = {isa = PBXBuildFile; fileRef = 786DAE412E4F28B100BE3137 /* MalachitePreferences.swift */; };
		786DAE562E4F28B100BE3137 /* MalachitePreferencesUtils.swift in Sources */ = {isa = PBXBuildFile; fileRef = 786DAE422E4F28B100BE3137 /* MalachitePreferencesUtils.swift */; };
		786DAE572E4F28B100BE3137 /* MalachiteFunctionUtils.swift in Sources */ = {isa = PBXBuildFile; fileRef = 786DAE442E4F28B100BE3137 /* MalachiteFunctionUtils.swift */; };
		786DAE582E4F28B100BE3137 /* MalachiteGameUtils.swift in Sources */ = {isa = PBXBuildFile; fileRef = 786DAE452E4F28B100BE3137 /* MalachiteGameUtils.swift */; };
		786DAE592E4F28B100BE3137 /* MalachiteHapticUtils.swift in Sources */ = {isa = PBXBuildFile; fileRef = 786DAE462E4F28B100BE3137 /* MalachiteHapticUtils.swift */; };
		786DAE5A2E4F28B100BE3137 /* MalachiteIntentUtils.swift in Sources */ = {isa = PBXBuildFile; fileRef = 786DAE472E4F28B100BE3137 /* MalachiteIntentUtils.swift */; };
		786DAE5B2E4F28B100BE3137 /* MalachiteTooltipUtils.swift in Sources */ = {isa = PBXBuildFile; fileRef = 786DAE482E4F28B100BE3137 /* MalachiteTooltipUtils.swift */; };
		786DAE5C2E4F28B100BE3137 /* MalachiteUtils.swift in Sources */ = {isa = PBXBuildFile; fileRef = 786DAE492E4F28B100BE3137 /* MalachiteUtils.swift */; };
		786DAE5D2E4F28B100BE3137 /* MalachiteViewUtils.swift in Sources */ = {isa = PBXBuildFile; fileRef = 786DAE4A2E4F28B100BE3137 /* MalachiteViewUtils.swift */; };
		786DAE5E2E4F28B100BE3137 /* MalachitePreferences.swift in Sources */ = {isa = PBXBuildFile; fileRef = 786DAE412E4F28B100BE3137 /* MalachitePreferences.swift */; };
		786DAE5F2E4F28B100BE3137 /* MalachitePreferencesUtils.swift in Sources */ = {isa = PBXBuildFile; fileRef = 786DAE422E4F28B100BE3137 /* MalachitePreferencesUtils.swift */; };
		786DAE602E4F28B100BE3137 /* MalachiteFunctionUtils.swift in Sources */ = {isa = PBXBuildFile; fileRef = 786DAE442E4F28B100BE3137 /* MalachiteFunctionUtils.swift */; };
		786DAE612E4F28B100BE3137 /* MalachiteGameUtils.swift in Sources */ = {isa = PBXBuildFile; fileRef = 786DAE452E4F28B100BE3137 /* MalachiteGameUtils.swift */; };
		786DAE622E4F28B100BE3137 /* MalachiteHapticUtils.swift in Sources */ = {isa = PBXBuildFile; fileRef = 786DAE462E4F28B100BE3137 /* MalachiteHapticUtils.swift */; };
		786DAE632E4F28B100BE3137 /* MalachiteIntentUtils.swift in Sources */ = {isa = PBXBuildFile; fileRef = 786DAE472E4F28B100BE3137 /* MalachiteIntentUtils.swift */; };
		786DAE642E4F28B100BE3137 /* MalachiteTooltipUtils.swift in Sources */ = {isa = PBXBuildFile; fileRef = 786DAE482E4F28B100BE3137 /* MalachiteTooltipUtils.swift */; };
		786DAE652E4F28B100BE3137 /* MalachiteUtils.swift in Sources */ = {isa = PBXBuildFile; fileRef = 786DAE492E4F28B100BE3137 /* MalachiteUtils.swift */; };
		786DAE662E4F28B100BE3137 /* MalachiteViewUtils.swift in Sources */ = {isa = PBXBuildFile; fileRef = 786DAE4A2E4F28B100BE3137 /* MalachiteViewUtils.swift */; };
		786DAE672E4F28B100BE3137 /* MalachiteIntentUtils.swift in Sources */ = {isa = PBXBuildFile; fileRef = 786DAE472E4F28B100BE3137 /* MalachiteIntentUtils.swift */; };
		786DAE6D2E4F28B700BE3137 /* ControlCenterWidget.swift in Sources */ = {isa = PBXBuildFile; fileRef = 786DAE682E4F28B700BE3137 /* ControlCenterWidget.swift */; };
		786DAE6E2E4F28B700BE3137 /* LockScreenWidget.swift in Sources */ = {isa = PBXBuildFile; fileRef = 786DAE6A2E4F28B700BE3137 /* LockScreenWidget.swift */; };
		786DAE6F2E4F28B700BE3137 /* MalachiteWidgetBundle.swift in Sources */ = {isa = PBXBuildFile; fileRef = 786DAE6B2E4F28B700BE3137 /* MalachiteWidgetBundle.swift */; };
		786DAE712E4F28B700BE3137 /* ControlCenterWidget.swift in Sources */ = {isa = PBXBuildFile; fileRef = 786DAE682E4F28B700BE3137 /* ControlCenterWidget.swift */; };
		786DAE722E4F28B700BE3137 /* LockScreenWidget.swift in Sources */ = {isa = PBXBuildFile; fileRef = 786DAE6A2E4F28B700BE3137 /* LockScreenWidget.swift */; };
		786DAE732E4F28B700BE3137 /* MalachiteWidgetBundle.swift in Sources */ = {isa = PBXBuildFile; fileRef = 786DAE6B2E4F28B700BE3137 /* MalachiteWidgetBundle.swift */; };
		786DAE782E4F28B900BE3137 /* MalachiteCaptureBundle.swift in Sources */ = {isa = PBXBuildFile; fileRef = 786DAE762E4F28B900BE3137 /* MalachiteCaptureBundle.swift */; };
		786DAE7D2E4F28BF00BE3137 /* ContentView.swift in Sources */ = {isa = PBXBuildFile; fileRef = 786DAE792E4F28BF00BE3137 /* ContentView.swift */; };
		786DAE7E2E4F28BF00BE3137 /* MalachiteWatchApp.swift in Sources */ = {isa = PBXBuildFile; fileRef = 786DAE7B2E4F28BF00BE3137 /* MalachiteWatchApp.swift */; };
		787B1CAA2B8B095E000AFECC /* Malachite.docc in Sources */ = {isa = PBXBuildFile; fileRef = 787B1CA92B8B095E000AFECC /* Malachite.docc */; };
		78917F5C2B99AE72005E10FA /* WidgetKit.framework in Frameworks */ = {isa = PBXBuildFile; fileRef = 78917F5B2B99AE72005E10FA /* WidgetKit.framework */; };
		78917F5E2B99AE72005E10FA /* SwiftUI.framework in Frameworks */ = {isa = PBXBuildFile; fileRef = 78917F5D2B99AE72005E10FA /* SwiftUI.framework */; };
		78917F692B99AE73005E10FA /* WidgetBundle.appex in Embed Foundation Extensions */ = {isa = PBXBuildFile; fileRef = 78917F592B99AE72005E10FA /* WidgetBundle.appex */; settings = {ATTRIBUTES = (RemoveHeadersOnCopy, ); }; };
		78A9DD6A2CD55551002C131D /* CaptureBundle.appex in Embed ExtensionKit Extensions */ = {isa = PBXBuildFile; fileRef = 78A9DD612CD55551002C131D /* CaptureBundle.appex */; settings = {ATTRIBUTES = (RemoveHeadersOnCopy, ); }; };
		78A9DE312CD581F1002C131D /* LockedCameraCapture.framework in Frameworks */ = {isa = PBXBuildFile; fileRef = 78A9DE302CD581F1002C131D /* LockedCameraCapture.framework */; };
		78A9DE752CD5AE5F002C131D /* Localizable.xcstrings in Resources */ = {isa = PBXBuildFile; fileRef = 7881A98B2C1F77AB00B1F83B /* Localizable.xcstrings */; };
		78B72BB12E332830002E2D4E /* MalachiteWatch.app in Embed Watch Content */ = {isa = PBXBuildFile; fileRef = 78B72BA72E33282E002E2D4E /* MalachiteWatch.app */; settings = {ATTRIBUTES = (RemoveHeadersOnCopy, ); }; };
		78CAC36A2CCD99B600A35AE8 /* Localizable.xcstrings in Resources */ = {isa = PBXBuildFile; fileRef = 7881A98B2C1F77AB00B1F83B /* Localizable.xcstrings */; };
		78EC5D5F2E4EC110005044E2 /* Localizable.xcstrings in Resources */ = {isa = PBXBuildFile; fileRef = 7881A98B2C1F77AB00B1F83B /* Localizable.xcstrings */; };
/* End PBXBuildFile section */

/* Begin PBXContainerItemProxy section */
		7837C1012E34BD60009396B0 /* PBXContainerItemProxy */ = {
			isa = PBXContainerItemProxy;
			containerPortal = 785F08412B12D41100244EB4 /* Project object */;
			proxyType = 1;
			remoteGlobalIDString = 78917F582B99AE72005E10FA;
			remoteInfo = WidgetBundle;
		};
		7837C1182E34C47D009396B0 /* PBXContainerItemProxy */ = {
			isa = PBXContainerItemProxy;
			containerPortal = 785F08412B12D41100244EB4 /* Project object */;
			proxyType = 1;
			remoteGlobalIDString = 7837C1042E34C45B009396B0;
			remoteInfo = WidgetBundle_Watch;
		};
		78917F672B99AE73005E10FA /* PBXContainerItemProxy */ = {
			isa = PBXContainerItemProxy;
			containerPortal = 785F08412B12D41100244EB4 /* Project object */;
			proxyType = 1;
			remoteGlobalIDString = 78917F582B99AE72005E10FA;
			remoteInfo = WidgetBundle;
		};
		78A9DD682CD55551002C131D /* PBXContainerItemProxy */ = {
			isa = PBXContainerItemProxy;
			containerPortal = 785F08412B12D41100244EB4 /* Project object */;
			proxyType = 1;
			remoteGlobalIDString = 78A9DD602CD55551002C131D;
			remoteInfo = CaptureBundle;
		};
		78B72BAF2E332830002E2D4E /* PBXContainerItemProxy */ = {
			isa = PBXContainerItemProxy;
			containerPortal = 785F08412B12D41100244EB4 /* Project object */;
			proxyType = 1;
			remoteGlobalIDString = 78B72BA62E33282E002E2D4E;
			remoteInfo = "MalachiteWatch Watch App";
		};
/* End PBXContainerItemProxy section */

/* Begin PBXCopyFilesBuildPhase section */
		7837C11A2E34C47D009396B0 /* Embed Foundation Extensions */ = {
			isa = PBXCopyFilesBuildPhase;
			buildActionMask = 2147483647;
			dstPath = "";
			dstSubfolderSpec = 13;
			files = (
				7837C1172E34C47D009396B0 /* WidgetBundleWatch.appex in Embed Foundation Extensions */,
			);
			name = "Embed Foundation Extensions";
			runOnlyForDeploymentPostprocessing = 0;
		};
		78917F6A2B99AE73005E10FA /* Embed Foundation Extensions */ = {
			isa = PBXCopyFilesBuildPhase;
			buildActionMask = 2147483647;
			dstPath = "";
			dstSubfolderSpec = 13;
			files = (
				78917F692B99AE73005E10FA /* WidgetBundle.appex in Embed Foundation Extensions */,
			);
			name = "Embed Foundation Extensions";
			runOnlyForDeploymentPostprocessing = 0;
		};
		78A9DD702CD55551002C131D /* Embed ExtensionKit Extensions */ = {
			isa = PBXCopyFilesBuildPhase;
			buildActionMask = 2147483647;
			dstPath = "$(EXTENSIONS_FOLDER_PATH)";
			dstSubfolderSpec = 16;
			files = (
				78A9DD6A2CD55551002C131D /* CaptureBundle.appex in Embed ExtensionKit Extensions */,
			);
			name = "Embed ExtensionKit Extensions";
			runOnlyForDeploymentPostprocessing = 0;
		};
		78B72BB62E332830002E2D4E /* Embed Watch Content */ = {
			isa = PBXCopyFilesBuildPhase;
			buildActionMask = 2147483647;
			dstPath = "$(CONTENTS_FOLDER_PATH)/Watch";
			dstSubfolderSpec = 16;
			files = (
				78B72BB12E332830002E2D4E /* MalachiteWatch.app in Embed Watch Content */,
			);
			name = "Embed Watch Content";
			runOnlyForDeploymentPostprocessing = 0;
		};
/* End PBXCopyFilesBuildPhase section */

/* Begin PBXFileReference section */
		78163D8D2CCB7BAE00146126 /* CHANGELOG.md */ = {isa = PBXFileReference; lastKnownFileType = net.daringfireball.markdown; path = CHANGELOG.md; sourceTree = "<group>"; };
		782FC7752B2DAFAB007709C1 /* README.md */ = {isa = PBXFileReference; fileEncoding = 4; lastKnownFileType = net.daringfireball.markdown; path = README.md; sourceTree = SOURCE_ROOT; };
		7837C1152E34C45B009396B0 /* WidgetBundleWatch.appex */ = {isa = PBXFileReference; explicitFileType = "wrapper.app-extension"; includeInIndex = 0; path = WidgetBundleWatch.appex; sourceTree = BUILT_PRODUCTS_DIR; };
		78474D2B2D7AC879006FBB96 /* .gitignore */ = {isa = PBXFileReference; lastKnownFileType = text; path = .gitignore; sourceTree = "<group>"; };
		78562BC22B450A7600920160 /* PRIVACY_POLICY.md */ = {isa = PBXFileReference; lastKnownFileType = net.daringfireball.markdown; path = PRIVACY_POLICY.md; sourceTree = SOURCE_ROOT; };
		785F08492B12D41100244EB4 /* Malachite.app */ = {isa = PBXFileReference; explicitFileType = wrapper.application; includeInIndex = 0; path = Malachite.app; sourceTree = BUILT_PRODUCTS_DIR; };
		785F084C2B12D41100244EB4 /* AppDelegate.swift */ = {isa = PBXFileReference; lastKnownFileType = sourcecode.swift; path = AppDelegate.swift; sourceTree = "<group>"; };
		785F084E2B12D41100244EB4 /* SceneDelegate.swift */ = {isa = PBXFileReference; lastKnownFileType = sourcecode.swift; path = SceneDelegate.swift; sourceTree = "<group>"; };
		785F08582B12D41300244EB4 /* Base */ = {isa = PBXFileReference; lastKnownFileType = file.storyboard; name = Base; path = Base.lproj/LaunchScreen.storyboard; sourceTree = "<group>"; };
		785F085A2B12D41300244EB4 /* Info.plist */ = {isa = PBXFileReference; lastKnownFileType = text.plist.xml; path = Info.plist; sourceTree = "<group>"; };
		786DAE172E4F28A600BE3137 /* DeveloperView.swift */ = {isa = PBXFileReference; lastKnownFileType = sourcecode.swift; path = DeveloperView.swift; sourceTree = "<group>"; };
		786DAE182E4F28A600BE3137 /* DeveloperView+BuildInfo.swift */ = {isa = PBXFileReference; lastKnownFileType = sourcecode.swift; path = "DeveloperView+BuildInfo.swift"; sourceTree = "<group>"; };
		786DAE192E4F28A600BE3137 /* DeveloperView+DeviceInfo.swift */ = {isa = PBXFileReference; lastKnownFileType = sourcecode.swift; path = "DeveloperView+DeviceInfo.swift"; sourceTree = "<group>"; };
		786DAE1A2E4F28A600BE3137 /* DeveloperView+Settings.swift */ = {isa = PBXFileReference; lastKnownFileType = sourcecode.swift; path = "DeveloperView+Settings.swift"; sourceTree = "<group>"; };
		786DAE1C2E4F28A600BE3137 /* MalachiteAboutView.swift */ = {isa = PBXFileReference; lastKnownFileType = sourcecode.swift; path = MalachiteAboutView.swift; sourceTree = "<group>"; };
		786DAE1D2E4F28A600BE3137 /* MalachiteCompatibilityView.swift */ = {isa = PBXFileReference; lastKnownFileType = sourcecode.swift; path = MalachiteCompatibilityView.swift; sourceTree = "<group>"; };
		786DAE1E2E4F28A600BE3137 /* MalachitePhotoPreview.swift */ = {isa = PBXFileReference; lastKnownFileType = sourcecode.swift; path = MalachitePhotoPreview.swift; sourceTree = "<group>"; };
		786DAE1F2E4F28A600BE3137 /* SettingsView+Help.swift */ = {isa = PBXFileReference; lastKnownFileType = sourcecode.swift; path = "SettingsView+Help.swift"; sourceTree = "<group>"; };
		786DAE202E4F28A600BE3137 /* SettingsView.swift */ = {isa = PBXFileReference; lastKnownFileType = sourcecode.swift; path = SettingsView.swift; sourceTree = "<group>"; };
		786DAE212E4F28A600BE3137 /* MalachiteView.swift */ = {isa = PBXFileReference; lastKnownFileType = sourcecode.swift; path = MalachiteView.swift; sourceTree = "<group>"; };
		786DAE412E4F28B100BE3137 /* MalachitePreferences.swift */ = {isa = PBXFileReference; lastKnownFileType = sourcecode.swift; path = MalachitePreferences.swift; sourceTree = "<group>"; };
		786DAE422E4F28B100BE3137 /* MalachitePreferencesUtils.swift */ = {isa = PBXFileReference; lastKnownFileType = sourcecode.swift; path = MalachitePreferencesUtils.swift; sourceTree = "<group>"; };
		786DAE442E4F28B100BE3137 /* MalachiteFunctionUtils.swift */ = {isa = PBXFileReference; lastKnownFileType = sourcecode.swift; path = MalachiteFunctionUtils.swift; sourceTree = "<group>"; };
		786DAE452E4F28B100BE3137 /* MalachiteGameUtils.swift */ = {isa = PBXFileReference; lastKnownFileType = sourcecode.swift; path = MalachiteGameUtils.swift; sourceTree = "<group>"; };
		786DAE462E4F28B100BE3137 /* MalachiteHapticUtils.swift */ = {isa = PBXFileReference; lastKnownFileType = sourcecode.swift; path = MalachiteHapticUtils.swift; sourceTree = "<group>"; };
		786DAE472E4F28B100BE3137 /* MalachiteIntentUtils.swift */ = {isa = PBXFileReference; lastKnownFileType = sourcecode.swift; path = MalachiteIntentUtils.swift; sourceTree = "<group>"; };
		786DAE482E4F28B100BE3137 /* MalachiteTooltipUtils.swift */ = {isa = PBXFileReference; lastKnownFileType = sourcecode.swift; path = MalachiteTooltipUtils.swift; sourceTree = "<group>"; };
		786DAE492E4F28B100BE3137 /* MalachiteUtils.swift */ = {isa = PBXFileReference; lastKnownFileType = sourcecode.swift; path = MalachiteUtils.swift; sourceTree = "<group>"; };
		786DAE4A2E4F28B100BE3137 /* MalachiteViewUtils.swift */ = {isa = PBXFileReference; lastKnownFileType = sourcecode.swift; path = MalachiteViewUtils.swift; sourceTree = "<group>"; };
		786DAE682E4F28B700BE3137 /* ControlCenterWidget.swift */ = {isa = PBXFileReference; lastKnownFileType = sourcecode.swift; path = ControlCenterWidget.swift; sourceTree = "<group>"; };
		786DAE692E4F28B700BE3137 /* Info.plist */ = {isa = PBXFileReference; lastKnownFileType = text.plist.xml; path = Info.plist; sourceTree = "<group>"; };
		786DAE6A2E4F28B700BE3137 /* LockScreenWidget.swift */ = {isa = PBXFileReference; lastKnownFileType = sourcecode.swift; path = LockScreenWidget.swift; sourceTree = "<group>"; };
		786DAE6B2E4F28B700BE3137 /* MalachiteWidgetBundle.swift */ = {isa = PBXFileReference; lastKnownFileType = sourcecode.swift; path = MalachiteWidgetBundle.swift; sourceTree = "<group>"; };
		786DAE752E4F28B900BE3137 /* Info.plist */ = {isa = PBXFileReference; lastKnownFileType = text.plist.xml; path = Info.plist; sourceTree = "<group>"; };
		786DAE762E4F28B900BE3137 /* MalachiteCaptureBundle.swift */ = {isa = PBXFileReference; lastKnownFileType = sourcecode.swift; path = MalachiteCaptureBundle.swift; sourceTree = "<group>"; };
		786DAE792E4F28BF00BE3137 /* ContentView.swift */ = {isa = PBXFileReference; lastKnownFileType = sourcecode.swift; path = ContentView.swift; sourceTree = "<group>"; };
		786DAE7A2E4F28BF00BE3137 /* Info.plist */ = {isa = PBXFileReference; lastKnownFileType = text.plist.xml; path = Info.plist; sourceTree = "<group>"; };
		786DAE7B2E4F28BF00BE3137 /* MalachiteWatchApp.swift */ = {isa = PBXFileReference; lastKnownFileType = sourcecode.swift; path = MalachiteWatchApp.swift; sourceTree = "<group>"; };
		787B1CA92B8B095E000AFECC /* Malachite.docc */ = {isa = PBXFileReference; lastKnownFileType = folder.documentationcatalog; path = Malachite.docc; sourceTree = "<group>"; };
		7881A98B2C1F77AB00B1F83B /* Localizable.xcstrings */ = {isa = PBXFileReference; lastKnownFileType = text.json.xcstrings; name = Localizable.xcstrings; path = Malachite/Localizable.xcstrings; sourceTree = SOURCE_ROOT; };
		788589912B8974680018E2DA /* Malachite.entitlements */ = {isa = PBXFileReference; lastKnownFileType = text.plist.entitlements; path = Malachite.entitlements; sourceTree = "<group>"; };
		78917F592B99AE72005E10FA /* WidgetBundle.appex */ = {isa = PBXFileReference; explicitFileType = "wrapper.app-extension"; includeInIndex = 0; path = WidgetBundle.appex; sourceTree = BUILT_PRODUCTS_DIR; };
		78917F5B2B99AE72005E10FA /* WidgetKit.framework */ = {isa = PBXFileReference; lastKnownFileType = wrapper.framework; name = WidgetKit.framework; path = System/Library/Frameworks/WidgetKit.framework; sourceTree = SDKROOT; };
		78917F5D2B99AE72005E10FA /* SwiftUI.framework */ = {isa = PBXFileReference; lastKnownFileType = wrapper.framework; name = SwiftUI.framework; path = System/Library/Frameworks/SwiftUI.framework; sourceTree = SDKROOT; };
		78A9DD612CD55551002C131D /* CaptureBundle.appex */ = {isa = PBXFileReference; explicitFileType = "wrapper.extensionkit-extension"; includeInIndex = 0; path = CaptureBundle.appex; sourceTree = BUILT_PRODUCTS_DIR; };
		78A9DE302CD581F1002C131D /* LockedCameraCapture.framework */ = {isa = PBXFileReference; lastKnownFileType = wrapper.framework; name = LockedCameraCapture.framework; path = System/Library/Frameworks/LockedCameraCapture.framework; sourceTree = SDKROOT; };
		78B72BA72E33282E002E2D4E /* MalachiteWatch.app */ = {isa = PBXFileReference; explicitFileType = wrapper.application; includeInIndex = 0; path = MalachiteWatch.app; sourceTree = BUILT_PRODUCTS_DIR; };
		78E142C92DD426260016B3DB /* Codesigning.xcconfig */ = {isa = PBXFileReference; lastKnownFileType = text.xcconfig; path = Codesigning.xcconfig; sourceTree = "<group>"; };
/* End PBXFileReference section */

/* Begin PBXFileSystemSynchronizedBuildFileExceptionSet section */
		786DADA02E4F283500BE3137 /* Exceptions for "Assets" folder in "Malachite" target */ = {
			isa = PBXFileSystemSynchronizedBuildFileExceptionSet;
			membershipExceptions = (
				AppIcon.icon,
				Assets.xcassets,
			);
			target = 785F08482B12D41100244EB4 /* Malachite */;
		};
		786DADA12E4F283500BE3137 /* Exceptions for "Assets" folder in "MalachiteWatch" target */ = {
			isa = PBXFileSystemSynchronizedBuildFileExceptionSet;
			membershipExceptions = (
				AppIcon.icon,
				Assets.xcassets,
			);
			target = 78B72BA62E33282E002E2D4E /* MalachiteWatch */;
		};
		786DADA22E4F283500BE3137 /* Exceptions for "Assets" folder in "WidgetBundle" target */ = {
			isa = PBXFileSystemSynchronizedBuildFileExceptionSet;
			membershipExceptions = (
				Assets.xcassets,
			);
			target = 78917F582B99AE72005E10FA /* WidgetBundle */;
		};
		786DADA32E4F283500BE3137 /* Exceptions for "Assets" folder in "WidgetBundleWatch" target */ = {
			isa = PBXFileSystemSynchronizedBuildFileExceptionSet;
			membershipExceptions = (
				Assets.xcassets,
			);
			target = 7837C1042E34C45B009396B0 /* WidgetBundleWatch */;
		};
		786DADA42E4F283500BE3137 /* Exceptions for "Assets" folder in "CaptureBundle" target */ = {
			isa = PBXFileSystemSynchronizedBuildFileExceptionSet;
			membershipExceptions = (
				Assets.xcassets,
			);
			target = 78A9DD602CD55551002C131D /* CaptureBundle */;
		};
/* End PBXFileSystemSynchronizedBuildFileExceptionSet section */

/* Begin PBXFileSystemSynchronizedRootGroup section */
		786DAD902E4F282E00BE3137 /* .github */ = {
			isa = PBXFileSystemSynchronizedRootGroup;
			path = .github;
			sourceTree = "<group>";
		};
		786DAD932E4F283000BE3137 /* ci_scripts */ = {
			isa = PBXFileSystemSynchronizedRootGroup;
			path = ci_scripts;
			sourceTree = "<group>";
		};
		786DAD982E4F283500BE3137 /* Assets */ = {
			isa = PBXFileSystemSynchronizedRootGroup;
			exceptions = (
				786DADA02E4F283500BE3137 /* Exceptions for "Assets" folder in "Malachite" target */,
				786DADA12E4F283500BE3137 /* Exceptions for "Assets" folder in "MalachiteWatch" target */,
				786DADA22E4F283500BE3137 /* Exceptions for "Assets" folder in "WidgetBundle" target */,
				786DADA32E4F283500BE3137 /* Exceptions for "Assets" folder in "WidgetBundleWatch" target */,
				786DADA42E4F283500BE3137 /* Exceptions for "Assets" folder in "CaptureBundle" target */,
			);
			path = Assets;
			sourceTree = "<group>";
		};
/* End PBXFileSystemSynchronizedRootGroup section */

/* Begin PBXFrameworksBuildPhase section */
		7837C10A2E34C45B009396B0 /* Frameworks */ = {
			isa = PBXFrameworksBuildPhase;
			buildActionMask = 2147483647;
			files = (
				7837C10B2E34C45B009396B0 /* SwiftUI.framework in Frameworks */,
				7837C10C2E34C45B009396B0 /* WidgetKit.framework in Frameworks */,
			);
			runOnlyForDeploymentPostprocessing = 0;
		};
		78917F562B99AE72005E10FA /* Frameworks */ = {
			isa = PBXFrameworksBuildPhase;
			buildActionMask = 2147483647;
			files = (
				78917F5E2B99AE72005E10FA /* SwiftUI.framework in Frameworks */,
				78917F5C2B99AE72005E10FA /* WidgetKit.framework in Frameworks */,
			);
			runOnlyForDeploymentPostprocessing = 0;
		};
		78A9DD5E2CD55551002C131D /* Frameworks */ = {
			isa = PBXFrameworksBuildPhase;
			buildActionMask = 2147483647;
			files = (
				78A9DE312CD581F1002C131D /* LockedCameraCapture.framework in Frameworks */,
			);
			runOnlyForDeploymentPostprocessing = 0;
		};
		78B72BA42E33282E002E2D4E /* Frameworks */ = {
			isa = PBXFrameworksBuildPhase;
			buildActionMask = 2147483647;
			files = (
			);
			runOnlyForDeploymentPostprocessing = 0;
		};
/* End PBXFrameworksBuildPhase section */

/* Begin PBXGroup section */
		785F08402B12D41100244EB4 = {
			isa = PBXGroup;
			children = (
				78474D2B2D7AC879006FBB96 /* .gitignore */,
				78163D8D2CCB7BAE00146126 /* CHANGELOG.md */,
				782FC7752B2DAFAB007709C1 /* README.md */,
				78562BC22B450A7600920160 /* PRIVACY_POLICY.md */,
				786DAD902E4F282E00BE3137 /* .github */,
				786DAD932E4F283000BE3137 /* ci_scripts */,
				785F084B2B12D41100244EB4 /* Malachite */,
				786DAE7C2E4F28BF00BE3137 /* MalachiteWatch */,
				78917F5A2B99AE72005E10FA /* Frameworks */,
				785F084A2B12D41100244EB4 /* Products */,
			);
			sourceTree = "<group>";
		};
		785F084A2B12D41100244EB4 /* Products */ = {
			isa = PBXGroup;
			children = (
				785F08492B12D41100244EB4 /* Malachite.app */,
				78917F592B99AE72005E10FA /* WidgetBundle.appex */,
				78A9DD612CD55551002C131D /* CaptureBundle.appex */,
				78B72BA72E33282E002E2D4E /* MalachiteWatch.app */,
				7837C1152E34C45B009396B0 /* WidgetBundleWatch.appex */,
			);
			name = Products;
			sourceTree = "<group>";
		};
		785F084B2B12D41100244EB4 /* Malachite */ = {
			isa = PBXGroup;
			children = (
				786DAD982E4F283500BE3137 /* Assets */,
				78E142C92DD426260016B3DB /* Codesigning.xcconfig */,
				787B1CA92B8B095E000AFECC /* Malachite.docc */,
				788589912B8974680018E2DA /* Malachite.entitlements */,
				785F085A2B12D41300244EB4 /* Info.plist */,
				786DAE222E4F28A600BE3137 /* Views */,
				786DAE4B2E4F28B100BE3137 /* Utilities */,
				786DAE772E4F28B900BE3137 /* CaptureBundle */,
				786DAE6C2E4F28B700BE3137 /* WidgetBundle */,
				785F08572B12D41300244EB4 /* LaunchScreen.storyboard */,
				7881A98B2C1F77AB00B1F83B /* Localizable.xcstrings */,
				785F084C2B12D41100244EB4 /* AppDelegate.swift */,
				785F084E2B12D41100244EB4 /* SceneDelegate.swift */,
			);
			path = Malachite;
			sourceTree = "<group>";
		};
		786DAE1B2E4F28A600BE3137 /* DeveloperView */ = {
			isa = PBXGroup;
			children = (
				786DAE172E4F28A600BE3137 /* DeveloperView.swift */,
				786DAE182E4F28A600BE3137 /* DeveloperView+BuildInfo.swift */,
				786DAE192E4F28A600BE3137 /* DeveloperView+DeviceInfo.swift */,
				786DAE1A2E4F28A600BE3137 /* DeveloperView+Settings.swift */,
			);
			path = DeveloperView;
			sourceTree = "<group>";
		};
		786DAE222E4F28A600BE3137 /* Views */ = {
			isa = PBXGroup;
			children = (
				786DAE802E4F28D600BE3137 /* SettingsView */,
				786DAE1B2E4F28A600BE3137 /* DeveloperView */,
				786DAE1C2E4F28A600BE3137 /* MalachiteAboutView.swift */,
				786DAE1D2E4F28A600BE3137 /* MalachiteCompatibilityView.swift */,
				786DAE1E2E4F28A600BE3137 /* MalachitePhotoPreview.swift */,
				786DAE212E4F28A600BE3137 /* MalachiteView.swift */,
			);
			path = Views;
			sourceTree = "<group>";
		};
		786DAE432E4F28B100BE3137 /* Preferences */ = {
			isa = PBXGroup;
			children = (
				786DAE412E4F28B100BE3137 /* MalachitePreferences.swift */,
				786DAE422E4F28B100BE3137 /* MalachitePreferencesUtils.swift */,
			);
			path = Preferences;
			sourceTree = "<group>";
		};
		786DAE4B2E4F28B100BE3137 /* Utilities */ = {
			isa = PBXGroup;
			children = (
				786DAE432E4F28B100BE3137 /* Preferences */,
				786DAE442E4F28B100BE3137 /* MalachiteFunctionUtils.swift */,
				786DAE452E4F28B100BE3137 /* MalachiteGameUtils.swift */,
				786DAE462E4F28B100BE3137 /* MalachiteHapticUtils.swift */,
				786DAE472E4F28B100BE3137 /* MalachiteIntentUtils.swift */,
				786DAE482E4F28B100BE3137 /* MalachiteTooltipUtils.swift */,
				786DAE492E4F28B100BE3137 /* MalachiteUtils.swift */,
				786DAE4A2E4F28B100BE3137 /* MalachiteViewUtils.swift */,
			);
			path = Utilities;
			sourceTree = "<group>";
		};
		786DAE6C2E4F28B700BE3137 /* WidgetBundle */ = {
			isa = PBXGroup;
			children = (
				786DAE682E4F28B700BE3137 /* ControlCenterWidget.swift */,
				786DAE692E4F28B700BE3137 /* Info.plist */,
				786DAE6A2E4F28B700BE3137 /* LockScreenWidget.swift */,
				786DAE6B2E4F28B700BE3137 /* MalachiteWidgetBundle.swift */,
			);
			path = WidgetBundle;
			sourceTree = "<group>";
		};
		786DAE772E4F28B900BE3137 /* CaptureBundle */ = {
			isa = PBXGroup;
			children = (
				786DAE752E4F28B900BE3137 /* Info.plist */,
				786DAE762E4F28B900BE3137 /* MalachiteCaptureBundle.swift */,
			);
			path = CaptureBundle;
			sourceTree = "<group>";
		};
		786DAE7C2E4F28BF00BE3137 /* MalachiteWatch */ = {
			isa = PBXGroup;
			children = (
				786DAE792E4F28BF00BE3137 /* ContentView.swift */,
				786DAE7A2E4F28BF00BE3137 /* Info.plist */,
				786DAE7B2E4F28BF00BE3137 /* MalachiteWatchApp.swift */,
			);
			path = MalachiteWatch;
			sourceTree = "<group>";
		};
		786DAE802E4F28D600BE3137 /* SettingsView */ = {
			isa = PBXGroup;
			children = (
				786DAE202E4F28A600BE3137 /* SettingsView.swift */,
				786DAE1F2E4F28A600BE3137 /* SettingsView+Help.swift */,
			);
			path = SettingsView;
			sourceTree = "<group>";
		};
		78917F5A2B99AE72005E10FA /* Frameworks */ = {
			isa = PBXGroup;
			children = (
				78A9DE302CD581F1002C131D /* LockedCameraCapture.framework */,
				78917F5B2B99AE72005E10FA /* WidgetKit.framework */,
				78917F5D2B99AE72005E10FA /* SwiftUI.framework */,
			);
			name = Frameworks;
			sourceTree = "<group>";
		};
/* End PBXGroup section */

/* Begin PBXNativeTarget section */
		7837C1042E34C45B009396B0 /* WidgetBundleWatch */ = {
			isa = PBXNativeTarget;
			buildConfigurationList = 7837C1112E34C45B009396B0 /* Build configuration list for PBXNativeTarget "WidgetBundleWatch" */;
			buildPhases = (
				7837C1052E34C45B009396B0 /* Sources */,
				7837C10A2E34C45B009396B0 /* Frameworks */,
				7837C10D2E34C45B009396B0 /* Resources */,
			);
			buildRules = (
			);
			dependencies = (
			);
			name = WidgetBundleWatch;
			productName = MalachiteWidgetBundle;
			productReference = 7837C1152E34C45B009396B0 /* WidgetBundleWatch.appex */;
			productType = "com.apple.product-type.app-extension";
		};
		785F08482B12D41100244EB4 /* Malachite */ = {
			isa = PBXNativeTarget;
			buildConfigurationList = 785F085D2B12D41300244EB4 /* Build configuration list for PBXNativeTarget "Malachite" */;
			buildPhases = (
				785F08452B12D41100244EB4 /* Sources */,
				785F08472B12D41100244EB4 /* Resources */,
				78917F6A2B99AE73005E10FA /* Embed Foundation Extensions */,
				78A9DD702CD55551002C131D /* Embed ExtensionKit Extensions */,
				78B72BB62E332830002E2D4E /* Embed Watch Content */,
				78329B0F2C22699A006D326F /* Embed build information  */,
			);
			buildRules = (
			);
			dependencies = (
				78917F682B99AE73005E10FA /* PBXTargetDependency */,
				78A9DD692CD55551002C131D /* PBXTargetDependency */,
				78B72BB02E332830002E2D4E /* PBXTargetDependency */,
			);
			name = Malachite;
			productName = Malachite;
			productReference = 785F08492B12D41100244EB4 /* Malachite.app */;
			productType = "com.apple.product-type.application";
		};
		78917F582B99AE72005E10FA /* WidgetBundle */ = {
			isa = PBXNativeTarget;
			buildConfigurationList = 78917F6D2B99AE73005E10FA /* Build configuration list for PBXNativeTarget "WidgetBundle" */;
			buildPhases = (
				78917F552B99AE72005E10FA /* Sources */,
				78917F562B99AE72005E10FA /* Frameworks */,
				78917F572B99AE72005E10FA /* Resources */,
			);
			buildRules = (
			);
			dependencies = (
			);
			name = WidgetBundle;
			productName = MalachiteWidgetBundle;
			productReference = 78917F592B99AE72005E10FA /* WidgetBundle.appex */;
			productType = "com.apple.product-type.app-extension";
		};
		78A9DD602CD55551002C131D /* CaptureBundle */ = {
			isa = PBXNativeTarget;
			buildConfigurationList = 78A9DD6C2CD55551002C131D /* Build configuration list for PBXNativeTarget "CaptureBundle" */;
			buildPhases = (
				78A9DD5D2CD55551002C131D /* Sources */,
				78A9DD5E2CD55551002C131D /* Frameworks */,
				78A9DD5F2CD55551002C131D /* Resources */,
			);
			buildRules = (
			);
			dependencies = (
			);
			name = CaptureBundle;
			packageProductDependencies = (
			);
			productName = MalachiteCaptureBundle;
			productReference = 78A9DD612CD55551002C131D /* CaptureBundle.appex */;
			productType = "com.apple.product-type.extensionkit-extension";
		};
		78B72BA62E33282E002E2D4E /* MalachiteWatch */ = {
			isa = PBXNativeTarget;
			buildConfigurationList = 78B72BB22E332830002E2D4E /* Build configuration list for PBXNativeTarget "MalachiteWatch" */;
			buildPhases = (
				78B72BA32E33282E002E2D4E /* Sources */,
				78B72BA42E33282E002E2D4E /* Frameworks */,
				78B72BA52E33282E002E2D4E /* Resources */,
				7837C11A2E34C47D009396B0 /* Embed Foundation Extensions */,
				78EC5D602E4EC1AD005044E2 /* Embed build information */,
			);
			buildRules = (
			);
			dependencies = (
				7837C1022E34BD60009396B0 /* PBXTargetDependency */,
				7837C1192E34C47D009396B0 /* PBXTargetDependency */,
			);
			name = MalachiteWatch;
			packageProductDependencies = (
			);
			productName = "MalachiteWatch Watch App";
			productReference = 78B72BA72E33282E002E2D4E /* MalachiteWatch.app */;
			productType = "com.apple.product-type.application";
		};
/* End PBXNativeTarget section */

/* Begin PBXProject section */
		785F08412B12D41100244EB4 /* Project object */ = {
			isa = PBXProject;
			attributes = {
				BuildIndependentTargetsInParallel = 1;
				LastSwiftUpdateCheck = 2600;
				LastUpgradeCheck = 1630;
				TargetAttributes = {
					785F08482B12D41100244EB4 = {
						CreatedOnToolsVersion = 15.1;
					};
					78917F582B99AE72005E10FA = {
						CreatedOnToolsVersion = 15.3;
					};
					78A9DD602CD55551002C131D = {
						CreatedOnToolsVersion = 16.2;
					};
					78B72BA62E33282E002E2D4E = {
						CreatedOnToolsVersion = 26.0;
					};
				};
			};
			buildConfigurationList = 785F08442B12D41100244EB4 /* Build configuration list for PBXProject "Malachite" */;
			developmentRegion = en;
			hasScannedForEncodings = 0;
			knownRegions = (
				en,
				Base,
			);
			mainGroup = 785F08402B12D41100244EB4;
			preferredProjectObjectVersion = 77;
			productRefGroup = 785F084A2B12D41100244EB4 /* Products */;
			projectDirPath = "";
			projectRoot = "";
			targets = (
				785F08482B12D41100244EB4 /* Malachite */,
				78B72BA62E33282E002E2D4E /* MalachiteWatch */,
				78917F582B99AE72005E10FA /* WidgetBundle */,
				7837C1042E34C45B009396B0 /* WidgetBundleWatch */,
				78A9DD602CD55551002C131D /* CaptureBundle */,
			);
		};
/* End PBXProject section */

/* Begin PBXResourcesBuildPhase section */
		7837C10D2E34C45B009396B0 /* Resources */ = {
			isa = PBXResourcesBuildPhase;
			buildActionMask = 2147483647;
			files = (
				7837C10E2E34C45B009396B0 /* Localizable.xcstrings in Resources */,
			);
			runOnlyForDeploymentPostprocessing = 0;
		};
		785F08472B12D41100244EB4 /* Resources */ = {
			isa = PBXResourcesBuildPhase;
			buildActionMask = 2147483647;
			files = (
				78EC5D5F2E4EC110005044E2 /* Localizable.xcstrings in Resources */,
				785F08592B12D41300244EB4 /* LaunchScreen.storyboard in Resources */,
			);
			runOnlyForDeploymentPostprocessing = 0;
		};
		78917F572B99AE72005E10FA /* Resources */ = {
			isa = PBXResourcesBuildPhase;
			buildActionMask = 2147483647;
			files = (
				78CAC36A2CCD99B600A35AE8 /* Localizable.xcstrings in Resources */,
			);
			runOnlyForDeploymentPostprocessing = 0;
		};
		78A9DD5F2CD55551002C131D /* Resources */ = {
			isa = PBXResourcesBuildPhase;
			buildActionMask = 2147483647;
			files = (
				78A9DE752CD5AE5F002C131D /* Localizable.xcstrings in Resources */,
			);
			runOnlyForDeploymentPostprocessing = 0;
		};
		78B72BA52E33282E002E2D4E /* Resources */ = {
			isa = PBXResourcesBuildPhase;
			buildActionMask = 2147483647;
			files = (
			);
			runOnlyForDeploymentPostprocessing = 0;
		};
/* End PBXResourcesBuildPhase section */

/* Begin PBXShellScriptBuildPhase section */
		78329B0F2C22699A006D326F /* Embed build information  */ = {
			isa = PBXShellScriptBuildPhase;
			alwaysOutOfDate = 1;
			buildActionMask = 2147483647;
			files = (
			);
			inputFileListPaths = (
			);
			inputPaths = (
				"${BUILT_PRODUCTS_DIR}/${INFOPLIST_PATH}",
			);
			name = "Embed build information ";
			outputFileListPaths = (
			);
			outputPaths = (
			);
			runOnlyForDeploymentPostprocessing = 0;
			shellPath = /bin/bash;
			shellScript = "eval \"${GCC_PREPROCESSOR_DEFINITIONS}\"\n\nPATH=/opt/homebrew/bin:/usr/local/bin:$PATH\nPLISTBUDDY=\"/usr/libexec/PlistBuddy\"\nINFOPLIST=\"${BUILT_PRODUCTS_DIR}/${INFOPLIST_PATH}\"\n\n# If there is no git repo to pull this info from, this is set to undefined later.\nCFBUILDHASH=$(git --git-dir=\"${PROJECT_DIR}/.git\" --work-tree=\"${PROJECT_DIR}\" rev-parse --short HEAD)\nCFBUILDBRAN=$(git branch --show-current)\nCFBUILDDATE=$(date +'%Y-%m-%d-%H.%M.%S')\nif [[ \"${CFBUILDTYPE}\" == \"INTERNAL\" && -z $(system_profiler SPHardwareDataType | grep 'MacVM1,1') ]]; then\n    # If the build is not INTERNAL, these are set to redacted later.\n    CFBUILDUSER=$(whoami)\n    CFBUILDHOST=$(hostname)\nelif [[ \"${CFBUILDTYPE}\" == \"INTERNAL\" && !(-z $(system_profiler SPHardwareDataType | grep 'MacVM1,1')) ]]; then\n    # Xcode Cloud built this, but the hostname string is atrocious. Replace with these.\n    CFBUILDUSER=\"evaluna (App Store Connect)\"\n    CFBUILDHOST=\"Xcode Cloud\"\nfi\n\nif [[ \"${CFBUILDTYPE}\" == \"INTERNAL\" && -z $(gpg --list-secret-keys | grep 4A5B8C2A065654E24DE50FF03716ACDC524F1879) ]]; then\n    echo \"Error: INTERNAL build type detected but Eva's GPG key was not found.\"\n    echo \"Error: See 'Embed build information' in Build Phases for a solution\"\n    # Be aware that I use the INTERNAL target to gate off any unstable/unready features. By removing this line, \n    # you are acknowledging that you will not receive support for any issues encountered with Malachite until you \n    # are running DEBUG or RELEASE. If you just want a DEBUG build, change the Build Configuration to Debug in \n    # Product > Scheme > Edit Scheme...\n    if [[ -z $(system_profiler SPHardwareDataType | grep 'MacVM1,1') ]]; then\n        exit\n    else\n        # This line of code should keep internal TestFlight builds as INTERNAL, and external ones as DEBUG\n        if [[ $(git --git-dir=\"${PROJECT_DIR}/.git\" rev-parse --abbrev-ref HEAD) != *\"dev\"* ]]; then\n            CFBUILDTYPE=\"DEBUG\"\n        fi\n    fi\nfi\n\n\n\n# Print all of the variables in the build log. Useful for debugging\necho \"\"\necho \"CFBUILDHASH = ${CFBUILDHASH}\"\necho \"CFBUILDBRAN = ${CFBUILDBRAN}\"\necho \"CFBUILDDATE = ${CFBUILDDATE}\"\necho \"CFBUILDTYPE = ${CFBUILDTYPE}\"\nif [[ \"${CFBUILDTYPE}\" == \"INTERNAL\" ]]; then\n    echo \"CFBUILDUSER = ${CFBUILDUSER}\"\n    echo \"CFBUILDHOST = ${CFBUILDHOST}\"\nfi\necho \"INFOPLIST = ${INFOPLIST}\"\n\n# Make sure the key is present in the plist before trying to set it.\nTMP=$(/usr/libexec/PlistBuddy -c 'print :CFBuildHash' \"${INFOPLIST}\" 2>/dev/null)\nif [ -z \"$TMP\" ]; then $PLISTBUDDY -c \"Add :CFBuildHash string\" \"${INFOPLIST}\"; fi\nTMP=$(/usr/libexec/PlistBuddy -c 'print :CFBuildBran' \"${INFOPLIST}\" 2>/dev/null)\nif [ -z \"$TMP\" ]; then $PLISTBUDDY -c \"Add :CFBuildBran string\" \"${INFOPLIST}\"; fi\nTMP=$(/usr/libexec/PlistBuddy -c 'print :CFBuildDate' \"${INFOPLIST}\" 2>/dev/null)\nif [ -z \"$TMP\" ]; then $PLISTBUDDY -c \"Add :CFBuildDate string\" \"${INFOPLIST}\"; fi\nTMP=$(/usr/libexec/PlistBuddy -c 'print :CFBuildType' \"${INFOPLIST}\" 2>/dev/null)\nif [ -z \"$TMP\" ]; then $PLISTBUDDY -c \"Add :CFBuildType string\" \"${INFOPLIST}\"; fi\nTMP=$(/usr/libexec/PlistBuddy -c 'print :CFBuildUser' \"${INFOPLIST}\" 2>/dev/null)\nif [ -z \"$TMP\" ]; then $PLISTBUDDY -c \"Add :CFBuildUser string\" \"${INFOPLIST}\"; fi\nTMP=$(/usr/libexec/PlistBuddy -c 'print :CFBuildHost' \"${INFOPLIST}\" 2>/dev/null)\nif [ -z \"$TMP\" ]; then $PLISTBUDDY -c \"Add :CFBuildHost string\" \"${INFOPLIST}\"; fi\n\n# Fallback values, either to fill in the gaps or prevent app crashes\nif [ -z \"$CFBUILDHASH\" ]; then CFBUILDHASH=undefined; fi\nif [ -z \"$CFBUILDBRAN\" ]; then CFBUILDBRAN=undefined; fi\nif [ -z \"$CFBUILDTYPE\" ]; then CFBUILDTYPE=debug; fi\nif [ -z \"$CFBUILDUSER\" ]; then CFBUILDUSER=redacted; fi\nif [ -z \"$CFBUILDHOST\" ]; then CFBUILDHOST=redacted; fi\n\n# Set the values in the Info.plist\n$PLISTBUDDY -c \"Set :CFBuildHash $CFBUILDHASH\" \"${INFOPLIST}\"\n$PLISTBUDDY -c \"Set :CFBuildBran $CFBUILDBRAN\" \"${INFOPLIST}\"\n$PLISTBUDDY -c \"Set :CFBuildDate $CFBUILDDATE\" \"${INFOPLIST}\"\n$PLISTBUDDY -c \"Set :CFBuildType $CFBUILDTYPE\" \"${INFOPLIST}\"\n$PLISTBUDDY -c \"Set :CFBuildUser $CFBUILDUSER\" \"${INFOPLIST}\"\n$PLISTBUDDY -c \"Set :CFBuildHost $CFBUILDHOST\" \"${INFOPLIST}\"\n";
		};
		78EC5D602E4EC1AD005044E2 /* Embed build information */ = {
			isa = PBXShellScriptBuildPhase;
			alwaysOutOfDate = 1;
			buildActionMask = 2147483647;
			files = (
			);
			inputFileListPaths = (
			);
			inputPaths = (
				"${BUILT_PRODUCTS_DIR}/${INFOPLIST_PATH}",
			);
			name = "Embed build information";
			outputFileListPaths = (
			);
			outputPaths = (
			);
			runOnlyForDeploymentPostprocessing = 0;
			shellPath = /bin/bash;
			shellScript = "eval \"${GCC_PREPROCESSOR_DEFINITIONS}\"\n\nPATH=/opt/homebrew/bin:/usr/local/bin:$PATH\nPLISTBUDDY=\"/usr/libexec/PlistBuddy\"\nINFOPLIST=\"${BUILT_PRODUCTS_DIR}/${INFOPLIST_PATH}\"\n\n# If there is no git repo to pull this info from, this is set to undefined later.\nCFBUILDHASH=$(git --git-dir=\"${PROJECT_DIR}/.git\" --work-tree=\"${PROJECT_DIR}\" rev-parse --short HEAD)\nCFBUILDBRAN=$(git branch --show-current)\nCFBUILDDATE=$(date +'%Y-%m-%d-%H.%M.%S')\nif [[ \"${CFBUILDTYPE}\" == \"INTERNAL\" && -z $(system_profiler SPHardwareDataType | grep 'MacVM1,1') ]]; then\n    # If the build is not INTERNAL, these are set to redacted later.\n    CFBUILDUSER=$(whoami)\n    CFBUILDHOST=$(hostname)\nelif [[ \"${CFBUILDTYPE}\" == \"INTERNAL\" && !(-z $(system_profiler SPHardwareDataType | grep 'MacVM1,1')) ]]; then\n    # Xcode Cloud built this, but the hostname string is atrocious. Replace with these.\n    CFBUILDUSER=\"evaluna (App Store Connect)\"\n    CFBUILDHOST=\"Xcode Cloud\"\nfi\n\nif [[ \"${CFBUILDTYPE}\" == \"INTERNAL\" && -z $(gpg --list-secret-keys | grep 4A5B8C2A065654E24DE50FF03716ACDC524F1879) ]]; then\n    echo \"Error: INTERNAL build type detected but Eva's GPG key was not found.\"\n    echo \"Error: See 'Embed build information' in Build Phases for a solution\"\n    # Be aware that I use the INTERNAL target to gate off any unstable/unready features. By removing this line, \n    # you are acknowledging that you will not receive support for any issues encountered with Malachite until you \n    # are running DEBUG or RELEASE. If you just want a DEBUG build, change the Build Configuration to Debug in \n    # Product > Scheme > Edit Scheme...\n    if [[ -z $(system_profiler SPHardwareDataType | grep 'MacVM1,1') ]]; then\n        exit\n    else\n        # This line of code should keep internal TestFlight builds as INTERNAL, and external ones as DEBUG\n        if [[ $(git --git-dir=\"${PROJECT_DIR}/.git\" rev-parse --abbrev-ref HEAD) != *\"dev\"* ]]; then\n            CFBUILDTYPE=\"DEBUG\"\n        fi\n    fi\nfi\n\n\n\n# Print all of the variables in the build log. Useful for debugging\necho \"\"\necho \"CFBUILDHASH = ${CFBUILDHASH}\"\necho \"CFBUILDBRAN = ${CFBUILDBRAN}\"\necho \"CFBUILDDATE = ${CFBUILDDATE}\"\necho \"CFBUILDTYPE = ${CFBUILDTYPE}\"\nif [[ \"${CFBUILDTYPE}\" == \"INTERNAL\" ]]; then\n    echo \"CFBUILDUSER = ${CFBUILDUSER}\"\n    echo \"CFBUILDHOST = ${CFBUILDHOST}\"\nfi\necho \"INFOPLIST = ${INFOPLIST}\"\n\n# Make sure the key is present in the plist before trying to set it.\nTMP=$(/usr/libexec/PlistBuddy -c 'print :CFBuildHash' \"${INFOPLIST}\" 2>/dev/null)\nif [ -z \"$TMP\" ]; then $PLISTBUDDY -c \"Add :CFBuildHash string\" \"${INFOPLIST}\"; fi\nTMP=$(/usr/libexec/PlistBuddy -c 'print :CFBuildBran' \"${INFOPLIST}\" 2>/dev/null)\nif [ -z \"$TMP\" ]; then $PLISTBUDDY -c \"Add :CFBuildBran string\" \"${INFOPLIST}\"; fi\nTMP=$(/usr/libexec/PlistBuddy -c 'print :CFBuildDate' \"${INFOPLIST}\" 2>/dev/null)\nif [ -z \"$TMP\" ]; then $PLISTBUDDY -c \"Add :CFBuildDate string\" \"${INFOPLIST}\"; fi\nTMP=$(/usr/libexec/PlistBuddy -c 'print :CFBuildType' \"${INFOPLIST}\" 2>/dev/null)\nif [ -z \"$TMP\" ]; then $PLISTBUDDY -c \"Add :CFBuildType string\" \"${INFOPLIST}\"; fi\nTMP=$(/usr/libexec/PlistBuddy -c 'print :CFBuildUser' \"${INFOPLIST}\" 2>/dev/null)\nif [ -z \"$TMP\" ]; then $PLISTBUDDY -c \"Add :CFBuildUser string\" \"${INFOPLIST}\"; fi\nTMP=$(/usr/libexec/PlistBuddy -c 'print :CFBuildHost' \"${INFOPLIST}\" 2>/dev/null)\nif [ -z \"$TMP\" ]; then $PLISTBUDDY -c \"Add :CFBuildHost string\" \"${INFOPLIST}\"; fi\n\n# Fallback values, either to fill in the gaps or prevent app crashes\nif [ -z \"$CFBUILDHASH\" ]; then CFBUILDHASH=undefined; fi\nif [ -z \"$CFBUILDBRAN\" ]; then CFBUILDBRAN=undefined; fi\nif [ -z \"$CFBUILDTYPE\" ]; then CFBUILDTYPE=debug; fi\nif [ -z \"$CFBUILDUSER\" ]; then CFBUILDUSER=redacted; fi\nif [ -z \"$CFBUILDHOST\" ]; then CFBUILDHOST=redacted; fi\n\n# Set the values in the Info.plist\n$PLISTBUDDY -c \"Set :CFBuildHash $CFBUILDHASH\" \"${INFOPLIST}\"\n$PLISTBUDDY -c \"Set :CFBuildBran $CFBUILDBRAN\" \"${INFOPLIST}\"\n$PLISTBUDDY -c \"Set :CFBuildDate $CFBUILDDATE\" \"${INFOPLIST}\"\n$PLISTBUDDY -c \"Set :CFBuildType $CFBUILDTYPE\" \"${INFOPLIST}\"\n$PLISTBUDDY -c \"Set :CFBuildUser $CFBUILDUSER\" \"${INFOPLIST}\"\n$PLISTBUDDY -c \"Set :CFBuildHost $CFBUILDHOST\" \"${INFOPLIST}\"\n";
		};
/* End PBXShellScriptBuildPhase section */

/* Begin PBXSourcesBuildPhase section */
		7837C1052E34C45B009396B0 /* Sources */ = {
			isa = PBXSourcesBuildPhase;
			buildActionMask = 2147483647;
			files = (
				786DAE712E4F28B700BE3137 /* ControlCenterWidget.swift in Sources */,
				786DAE722E4F28B700BE3137 /* LockScreenWidget.swift in Sources */,
				786DAE732E4F28B700BE3137 /* MalachiteWidgetBundle.swift in Sources */,
				786DAE672E4F28B100BE3137 /* MalachiteIntentUtils.swift in Sources */,
			);
			runOnlyForDeploymentPostprocessing = 0;
		};
		785F08452B12D41100244EB4 /* Sources */ = {
			isa = PBXSourcesBuildPhase;
			buildActionMask = 2147483647;
			files = (
				786DAE552E4F28B100BE3137 /* MalachitePreferences.swift in Sources */,
				786DAE562E4F28B100BE3137 /* MalachitePreferencesUtils.swift in Sources */,
				786DAE572E4F28B100BE3137 /* MalachiteFunctionUtils.swift in Sources */,
				786DAE582E4F28B100BE3137 /* MalachiteGameUtils.swift in Sources */,
				786DAE592E4F28B100BE3137 /* MalachiteHapticUtils.swift in Sources */,
				786DAE5A2E4F28B100BE3137 /* MalachiteIntentUtils.swift in Sources */,
				786DAE5B2E4F28B100BE3137 /* MalachiteTooltipUtils.swift in Sources */,
				786DAE5C2E4F28B100BE3137 /* MalachiteUtils.swift in Sources */,
				786DAE5D2E4F28B100BE3137 /* MalachiteViewUtils.swift in Sources */,
				786DAE2D2E4F28A600BE3137 /* DeveloperView.swift in Sources */,
				786DAE2E2E4F28A600BE3137 /* DeveloperView+BuildInfo.swift in Sources */,
				786DAE2F2E4F28A600BE3137 /* DeveloperView+DeviceInfo.swift in Sources */,
				786DAE302E4F28A600BE3137 /* DeveloperView+Settings.swift in Sources */,
				786DAE312E4F28A600BE3137 /* MalachiteAboutView.swift in Sources */,
				786DAE322E4F28A600BE3137 /* MalachiteCompatibilityView.swift in Sources */,
				786DAE332E4F28A600BE3137 /* MalachitePhotoPreview.swift in Sources */,
				786DAE342E4F28A600BE3137 /* SettingsView+Help.swift in Sources */,
				786DAE352E4F28A600BE3137 /* SettingsView.swift in Sources */,
				786DAE362E4F28A600BE3137 /* MalachiteView.swift in Sources */,
				785F084D2B12D41100244EB4 /* AppDelegate.swift in Sources */,
				787B1CAA2B8B095E000AFECC /* Malachite.docc in Sources */,
				785F084F2B12D41100244EB4 /* SceneDelegate.swift in Sources */,
			);
			runOnlyForDeploymentPostprocessing = 0;
		};
		78917F552B99AE72005E10FA /* Sources */ = {
			isa = PBXSourcesBuildPhase;
			buildActionMask = 2147483647;
			files = (
				786DAE5E2E4F28B100BE3137 /* MalachitePreferences.swift in Sources */,
				786DAE5F2E4F28B100BE3137 /* MalachitePreferencesUtils.swift in Sources */,
				786DAE602E4F28B100BE3137 /* MalachiteFunctionUtils.swift in Sources */,
				786DAE612E4F28B100BE3137 /* MalachiteGameUtils.swift in Sources */,
				786DAE622E4F28B100BE3137 /* MalachiteHapticUtils.swift in Sources */,
				786DAE632E4F28B100BE3137 /* MalachiteIntentUtils.swift in Sources */,
				786DAE642E4F28B100BE3137 /* MalachiteTooltipUtils.swift in Sources */,
				786DAE652E4F28B100BE3137 /* MalachiteUtils.swift in Sources */,
				786DAE662E4F28B100BE3137 /* MalachiteViewUtils.swift in Sources */,
				786DAE372E4F28A600BE3137 /* DeveloperView.swift in Sources */,
				786DAE382E4F28A600BE3137 /* DeveloperView+BuildInfo.swift in Sources */,
				786DAE392E4F28A600BE3137 /* DeveloperView+DeviceInfo.swift in Sources */,
				786DAE6D2E4F28B700BE3137 /* ControlCenterWidget.swift in Sources */,
				786DAE6E2E4F28B700BE3137 /* LockScreenWidget.swift in Sources */,
				786DAE6F2E4F28B700BE3137 /* MalachiteWidgetBundle.swift in Sources */,
				786DAE3A2E4F28A600BE3137 /* DeveloperView+Settings.swift in Sources */,
				786DAE3B2E4F28A600BE3137 /* MalachiteAboutView.swift in Sources */,
				786DAE3C2E4F28A600BE3137 /* MalachiteCompatibilityView.swift in Sources */,
				786DAE3D2E4F28A600BE3137 /* MalachitePhotoPreview.swift in Sources */,
				786DAE3E2E4F28A600BE3137 /* SettingsView+Help.swift in Sources */,
				786DAE3F2E4F28A600BE3137 /* SettingsView.swift in Sources */,
				786DAE402E4F28A600BE3137 /* MalachiteView.swift in Sources */,
			);
			runOnlyForDeploymentPostprocessing = 0;
		};
		78A9DD5D2CD55551002C131D /* Sources */ = {
			isa = PBXSourcesBuildPhase;
			buildActionMask = 2147483647;
			files = (
				786DAE232E4F28A600BE3137 /* DeveloperView.swift in Sources */,
				786DAE242E4F28A600BE3137 /* DeveloperView+BuildInfo.swift in Sources */,
				786DAE252E4F28A600BE3137 /* DeveloperView+DeviceInfo.swift in Sources */,
				786DAE4C2E4F28B100BE3137 /* MalachitePreferences.swift in Sources */,
				786DAE4D2E4F28B100BE3137 /* MalachitePreferencesUtils.swift in Sources */,
				786DAE782E4F28B900BE3137 /* MalachiteCaptureBundle.swift in Sources */,
				786DAE4E2E4F28B100BE3137 /* MalachiteFunctionUtils.swift in Sources */,
				786DAE4F2E4F28B100BE3137 /* MalachiteGameUtils.swift in Sources */,
				786DAE502E4F28B100BE3137 /* MalachiteHapticUtils.swift in Sources */,
				786DAE512E4F28B100BE3137 /* MalachiteIntentUtils.swift in Sources */,
				786DAE522E4F28B100BE3137 /* MalachiteTooltipUtils.swift in Sources */,
				786DAE532E4F28B100BE3137 /* MalachiteUtils.swift in Sources */,
				786DAE542E4F28B100BE3137 /* MalachiteViewUtils.swift in Sources */,
				786DAE262E4F28A600BE3137 /* DeveloperView+Settings.swift in Sources */,
				786DAE272E4F28A600BE3137 /* MalachiteAboutView.swift in Sources */,
				786DAE282E4F28A600BE3137 /* MalachiteCompatibilityView.swift in Sources */,
				786DAE292E4F28A600BE3137 /* MalachitePhotoPreview.swift in Sources */,
				786DAE2A2E4F28A600BE3137 /* SettingsView+Help.swift in Sources */,
				786DAE2B2E4F28A600BE3137 /* SettingsView.swift in Sources */,
				786DAE2C2E4F28A600BE3137 /* MalachiteView.swift in Sources */,
			);
			runOnlyForDeploymentPostprocessing = 0;
		};
		78B72BA32E33282E002E2D4E /* Sources */ = {
			isa = PBXSourcesBuildPhase;
			buildActionMask = 2147483647;
			files = (
				786DAE7D2E4F28BF00BE3137 /* ContentView.swift in Sources */,
				786DAE7E2E4F28BF00BE3137 /* MalachiteWatchApp.swift in Sources */,
			);
			runOnlyForDeploymentPostprocessing = 0;
		};
/* End PBXSourcesBuildPhase section */

/* Begin PBXTargetDependency section */
		7837C1022E34BD60009396B0 /* PBXTargetDependency */ = {
			isa = PBXTargetDependency;
			target = 78917F582B99AE72005E10FA /* WidgetBundle */;
			targetProxy = 7837C1012E34BD60009396B0 /* PBXContainerItemProxy */;
		};
		7837C1192E34C47D009396B0 /* PBXTargetDependency */ = {
			isa = PBXTargetDependency;
			target = 7837C1042E34C45B009396B0 /* WidgetBundleWatch */;
			targetProxy = 7837C1182E34C47D009396B0 /* PBXContainerItemProxy */;
		};
		78917F682B99AE73005E10FA /* PBXTargetDependency */ = {
			isa = PBXTargetDependency;
			target = 78917F582B99AE72005E10FA /* WidgetBundle */;
			targetProxy = 78917F672B99AE73005E10FA /* PBXContainerItemProxy */;
		};
		78A9DD692CD55551002C131D /* PBXTargetDependency */ = {
			isa = PBXTargetDependency;
			target = 78A9DD602CD55551002C131D /* CaptureBundle */;
			targetProxy = 78A9DD682CD55551002C131D /* PBXContainerItemProxy */;
		};
		78B72BB02E332830002E2D4E /* PBXTargetDependency */ = {
			isa = PBXTargetDependency;
			target = 78B72BA62E33282E002E2D4E /* MalachiteWatch */;
			targetProxy = 78B72BAF2E332830002E2D4E /* PBXContainerItemProxy */;
		};
/* End PBXTargetDependency section */

/* Begin PBXVariantGroup section */
		785F08572B12D41300244EB4 /* LaunchScreen.storyboard */ = {
			isa = PBXVariantGroup;
			children = (
				785F08582B12D41300244EB4 /* Base */,
			);
			name = LaunchScreen.storyboard;
			sourceTree = "<group>";
		};
/* End PBXVariantGroup section */

/* Begin XCBuildConfiguration section */
		7837C1122E34C45B009396B0 /* Debug */ = {
			isa = XCBuildConfiguration;
			baseConfigurationReference = 78E142C92DD426260016B3DB /* Codesigning.xcconfig */;
			buildSettings = {
				ASSETCATALOG_COMPILER_GLOBAL_ACCENT_COLOR_NAME = AccentColor;
				ASSETCATALOG_COMPILER_WIDGET_BACKGROUND_COLOR_NAME = WidgetBackground;
				CODE_SIGN_STYLE = "$(CODE_SIGN_STYLE)";
				CURRENT_PROJECT_VERSION = 1;
				DEVELOPMENT_TEAM = "$(DEVELOPMENT_TEAM)";
				ENABLE_ENHANCED_SECURITY = NO;
				ENABLE_POINTER_AUTHENTICATION = NO;
				EXCLUDED_ARCHS = arm64e;
				GCC_PREPROCESSOR_DEFINITIONS = "$(inherited)";
				GENERATE_INFOPLIST_FILE = YES;
				INFOPLIST_FILE = Malachite/WidgetBundle/Info.plist;
				INFOPLIST_KEY_CFBundleDisplayName = MalachiteWidgetBundle;
				INFOPLIST_KEY_NSHumanReadableCopyright = "";
				IPHONEOS_DEPLOYMENT_TARGET = 16.0;
				LD_RUNPATH_SEARCH_PATHS = (
					"$(inherited)",
					"@executable_path/Frameworks",
					"@executable_path/../../Frameworks",
				);
				MARKETING_VERSION = 1.0.0;
				OTHER_SWIFT_FLAGS = "-DAPP_EXTENSION";
				PRODUCT_BUNDLE_IDENTIFIER = "$(APP_PREFIX).Malachite.WatchRemote.WidgetBundle";
				PRODUCT_NAME = "$(TARGET_NAME)";
				SKIP_INSTALL = YES;
				SUPPORTED_PLATFORMS = "watchos watchsimulator";
				SUPPORTS_MACCATALYST = NO;
				SUPPORTS_MAC_DESIGNED_FOR_IPHONE_IPAD = NO;
				SUPPORTS_XR_DESIGNED_FOR_IPHONE_IPAD = NO;
				SWIFT_ACTIVE_COMPILATION_CONDITIONS = "APP_EXTENSION $(inherited)";
				SWIFT_EMIT_LOC_STRINGS = YES;
				SWIFT_VERSION = 5.0;
				TARGETED_DEVICE_FAMILY = 4;
				VERSIONING_SYSTEM = "apple-generic";
				WATCHOS_DEPLOYMENT_TARGET = 9.0;
			};
			name = Debug;
		};
		7837C1132E34C45B009396B0 /* Internal */ = {
			isa = XCBuildConfiguration;
			baseConfigurationReference = 78E142C92DD426260016B3DB /* Codesigning.xcconfig */;
			buildSettings = {
				ASSETCATALOG_COMPILER_GLOBAL_ACCENT_COLOR_NAME = AccentColor;
				ASSETCATALOG_COMPILER_WIDGET_BACKGROUND_COLOR_NAME = WidgetBackground;
				CODE_SIGN_STYLE = "$(CODE_SIGN_STYLE)";
				CURRENT_PROJECT_VERSION = 1;
				DEVELOPMENT_TEAM = "$(DEVELOPMENT_TEAM)";
				ENABLE_ENHANCED_SECURITY = NO;
				ENABLE_POINTER_AUTHENTICATION = NO;
				EXCLUDED_ARCHS = arm64e;
				GCC_PREPROCESSOR_DEFINITIONS = "$(inherited)";
				GENERATE_INFOPLIST_FILE = YES;
				INFOPLIST_FILE = Malachite/WidgetBundle/Info.plist;
				INFOPLIST_KEY_CFBundleDisplayName = MalachiteWidgetBundle;
				INFOPLIST_KEY_NSHumanReadableCopyright = "";
				IPHONEOS_DEPLOYMENT_TARGET = 16.0;
				LD_RUNPATH_SEARCH_PATHS = (
					"$(inherited)",
					"@executable_path/Frameworks",
					"@executable_path/../../Frameworks",
				);
				MARKETING_VERSION = 1.0.0;
				OTHER_SWIFT_FLAGS = "-DAPP_EXTENSION";
				PRODUCT_BUNDLE_IDENTIFIER = "$(APP_PREFIX).Malachite.WatchRemote.WidgetBundle";
				PRODUCT_NAME = "$(TARGET_NAME)";
				SKIP_INSTALL = YES;
				SUPPORTED_PLATFORMS = "watchos watchsimulator";
				SUPPORTS_MACCATALYST = NO;
				SUPPORTS_MAC_DESIGNED_FOR_IPHONE_IPAD = NO;
				SUPPORTS_XR_DESIGNED_FOR_IPHONE_IPAD = NO;
				SWIFT_ACTIVE_COMPILATION_CONDITIONS = "APP_EXTENSION $(inherited)";
				SWIFT_EMIT_LOC_STRINGS = YES;
				SWIFT_VERSION = 5.0;
				TARGETED_DEVICE_FAMILY = 4;
				VERSIONING_SYSTEM = "apple-generic";
				WATCHOS_DEPLOYMENT_TARGET = 9.0;
			};
			name = Internal;
		};
		7837C1142E34C45B009396B0 /* Release */ = {
			isa = XCBuildConfiguration;
			baseConfigurationReference = 78E142C92DD426260016B3DB /* Codesigning.xcconfig */;
			buildSettings = {
				ASSETCATALOG_COMPILER_GLOBAL_ACCENT_COLOR_NAME = AccentColor;
				ASSETCATALOG_COMPILER_WIDGET_BACKGROUND_COLOR_NAME = WidgetBackground;
				CODE_SIGN_STYLE = "$(CODE_SIGN_STYLE)";
				CURRENT_PROJECT_VERSION = 1;
				DEVELOPMENT_TEAM = "$(DEVELOPMENT_TEAM)";
				ENABLE_ENHANCED_SECURITY = NO;
				ENABLE_POINTER_AUTHENTICATION = NO;
				EXCLUDED_ARCHS = arm64e;
				GCC_PREPROCESSOR_DEFINITIONS = "";
				GENERATE_INFOPLIST_FILE = YES;
				INFOPLIST_FILE = Malachite/WidgetBundle/Info.plist;
				INFOPLIST_KEY_CFBundleDisplayName = MalachiteWidgetBundle;
				INFOPLIST_KEY_NSHumanReadableCopyright = "";
				IPHONEOS_DEPLOYMENT_TARGET = 16.0;
				LD_RUNPATH_SEARCH_PATHS = (
					"$(inherited)",
					"@executable_path/Frameworks",
					"@executable_path/../../Frameworks",
				);
				MARKETING_VERSION = 1.0.0;
				OTHER_SWIFT_FLAGS = "-DAPP_EXTENSION";
				PRODUCT_BUNDLE_IDENTIFIER = "$(APP_PREFIX).Malachite.WatchRemote.WidgetBundle";
				PRODUCT_NAME = "$(TARGET_NAME)";
				SKIP_INSTALL = YES;
				SUPPORTED_PLATFORMS = "watchos watchsimulator";
				SUPPORTS_MACCATALYST = NO;
				SUPPORTS_MAC_DESIGNED_FOR_IPHONE_IPAD = NO;
				SUPPORTS_XR_DESIGNED_FOR_IPHONE_IPAD = NO;
				SWIFT_ACTIVE_COMPILATION_CONDITIONS = APP_EXTENSION;
				SWIFT_EMIT_LOC_STRINGS = YES;
				SWIFT_VERSION = 5.0;
				TARGETED_DEVICE_FAMILY = 4;
				VERSIONING_SYSTEM = "apple-generic";
				WATCHOS_DEPLOYMENT_TARGET = 9.0;
			};
			name = Release;
		};
		785F085B2B12D41300244EB4 /* Debug */ = {
			isa = XCBuildConfiguration;
			baseConfigurationReference = 78E142C92DD426260016B3DB /* Codesigning.xcconfig */;
			buildSettings = {
				ALWAYS_SEARCH_USER_PATHS = NO;
				ASSETCATALOG_COMPILER_GENERATE_SWIFT_ASSET_SYMBOL_EXTENSIONS = YES;
				CLANG_ANALYZER_NONNULL = YES;
				CLANG_ANALYZER_NUMBER_OBJECT_CONVERSION = YES_AGGRESSIVE;
				CLANG_CXX_LANGUAGE_STANDARD = "gnu++20";
				CLANG_ENABLE_MODULES = YES;
				CLANG_ENABLE_OBJC_ARC = YES;
				CLANG_ENABLE_OBJC_WEAK = YES;
				CLANG_WARN_BLOCK_CAPTURE_AUTORELEASING = YES;
				CLANG_WARN_BOOL_CONVERSION = YES;
				CLANG_WARN_COMMA = YES;
				CLANG_WARN_CONSTANT_CONVERSION = YES;
				CLANG_WARN_DEPRECATED_OBJC_IMPLEMENTATIONS = YES;
				CLANG_WARN_DIRECT_OBJC_ISA_USAGE = YES_ERROR;
				CLANG_WARN_DOCUMENTATION_COMMENTS = YES;
				CLANG_WARN_EMPTY_BODY = YES;
				CLANG_WARN_ENUM_CONVERSION = YES;
				CLANG_WARN_INFINITE_RECURSION = YES;
				CLANG_WARN_INT_CONVERSION = YES;
				CLANG_WARN_NON_LITERAL_NULL_CONVERSION = YES;
				CLANG_WARN_OBJC_IMPLICIT_RETAIN_SELF = YES;
				CLANG_WARN_OBJC_LITERAL_CONVERSION = YES;
				CLANG_WARN_OBJC_ROOT_CLASS = YES_ERROR;
				CLANG_WARN_QUOTED_INCLUDE_IN_FRAMEWORK_HEADER = YES;
				CLANG_WARN_RANGE_LOOP_ANALYSIS = YES;
				CLANG_WARN_STRICT_PROTOTYPES = YES;
				CLANG_WARN_SUSPICIOUS_MOVE = YES;
				CLANG_WARN_UNGUARDED_AVAILABILITY = YES_AGGRESSIVE;
				CLANG_WARN_UNREACHABLE_CODE = YES;
				CLANG_WARN__DUPLICATE_METHOD_MATCH = YES;
				COPY_PHASE_STRIP = NO;
				DEBUG_INFORMATION_FORMAT = dwarf;
				DEVELOPMENT_TEAM = 95J8WZ4TN8;
				ENABLE_STRICT_OBJC_MSGSEND = YES;
				ENABLE_TESTABILITY = YES;
				ENABLE_USER_SCRIPT_SANDBOXING = YES;
				GCC_C_LANGUAGE_STANDARD = gnu17;
				GCC_DYNAMIC_NO_PIC = NO;
				GCC_NO_COMMON_BLOCKS = YES;
				GCC_OPTIMIZATION_LEVEL = 0;
				GCC_PREPROCESSOR_DEFINITIONS = (
					"DEBUG=1",
					"$(inherited)",
				);
				GCC_WARN_64_TO_32_BIT_CONVERSION = YES;
				GCC_WARN_ABOUT_RETURN_TYPE = YES_ERROR;
				GCC_WARN_UNDECLARED_SELECTOR = YES;
				GCC_WARN_UNINITIALIZED_AUTOS = YES_AGGRESSIVE;
				GCC_WARN_UNUSED_FUNCTION = YES;
				GCC_WARN_UNUSED_VARIABLE = YES;
				IPHONEOS_DEPLOYMENT_TARGET = 17.2;
				LOCALIZATION_PREFERS_STRING_CATALOGS = YES;
				MTL_ENABLE_DEBUG_INFO = INCLUDE_SOURCE;
				MTL_FAST_MATH = YES;
				ONLY_ACTIVE_ARCH = YES;
				SDKROOT = iphoneos;
				SWIFT_ACTIVE_COMPILATION_CONDITIONS = "DEBUG $(inherited)";
				SWIFT_EMIT_LOC_STRINGS = YES;
				SWIFT_OPTIMIZATION_LEVEL = "-Onone";
			};
			name = Debug;
		};
		785F085C2B12D41300244EB4 /* Release */ = {
			isa = XCBuildConfiguration;
			baseConfigurationReference = 78E142C92DD426260016B3DB /* Codesigning.xcconfig */;
			buildSettings = {
				ALWAYS_SEARCH_USER_PATHS = NO;
				ASSETCATALOG_COMPILER_GENERATE_SWIFT_ASSET_SYMBOL_EXTENSIONS = YES;
				CLANG_ANALYZER_NONNULL = YES;
				CLANG_ANALYZER_NUMBER_OBJECT_CONVERSION = YES_AGGRESSIVE;
				CLANG_CXX_LANGUAGE_STANDARD = "gnu++20";
				CLANG_ENABLE_MODULES = YES;
				CLANG_ENABLE_OBJC_ARC = YES;
				CLANG_ENABLE_OBJC_WEAK = YES;
				CLANG_WARN_BLOCK_CAPTURE_AUTORELEASING = YES;
				CLANG_WARN_BOOL_CONVERSION = YES;
				CLANG_WARN_COMMA = YES;
				CLANG_WARN_CONSTANT_CONVERSION = YES;
				CLANG_WARN_DEPRECATED_OBJC_IMPLEMENTATIONS = YES;
				CLANG_WARN_DIRECT_OBJC_ISA_USAGE = YES_ERROR;
				CLANG_WARN_DOCUMENTATION_COMMENTS = YES;
				CLANG_WARN_EMPTY_BODY = YES;
				CLANG_WARN_ENUM_CONVERSION = YES;
				CLANG_WARN_INFINITE_RECURSION = YES;
				CLANG_WARN_INT_CONVERSION = YES;
				CLANG_WARN_NON_LITERAL_NULL_CONVERSION = YES;
				CLANG_WARN_OBJC_IMPLICIT_RETAIN_SELF = YES;
				CLANG_WARN_OBJC_LITERAL_CONVERSION = YES;
				CLANG_WARN_OBJC_ROOT_CLASS = YES_ERROR;
				CLANG_WARN_QUOTED_INCLUDE_IN_FRAMEWORK_HEADER = YES;
				CLANG_WARN_RANGE_LOOP_ANALYSIS = YES;
				CLANG_WARN_STRICT_PROTOTYPES = YES;
				CLANG_WARN_SUSPICIOUS_MOVE = YES;
				CLANG_WARN_UNGUARDED_AVAILABILITY = YES_AGGRESSIVE;
				CLANG_WARN_UNREACHABLE_CODE = YES;
				CLANG_WARN__DUPLICATE_METHOD_MATCH = YES;
				COPY_PHASE_STRIP = NO;
				DEBUG_INFORMATION_FORMAT = "dwarf-with-dsym";
				DEVELOPMENT_TEAM = 95J8WZ4TN8;
				ENABLE_NS_ASSERTIONS = NO;
				ENABLE_STRICT_OBJC_MSGSEND = YES;
				ENABLE_USER_SCRIPT_SANDBOXING = YES;
				GCC_C_LANGUAGE_STANDARD = gnu17;
				GCC_NO_COMMON_BLOCKS = YES;
				GCC_WARN_64_TO_32_BIT_CONVERSION = YES;
				GCC_WARN_ABOUT_RETURN_TYPE = YES_ERROR;
				GCC_WARN_UNDECLARED_SELECTOR = YES;
				GCC_WARN_UNINITIALIZED_AUTOS = YES_AGGRESSIVE;
				GCC_WARN_UNUSED_FUNCTION = YES;
				GCC_WARN_UNUSED_VARIABLE = YES;
				IPHONEOS_DEPLOYMENT_TARGET = 17.2;
				LOCALIZATION_PREFERS_STRING_CATALOGS = YES;
				MTL_ENABLE_DEBUG_INFO = NO;
				MTL_FAST_MATH = YES;
				SDKROOT = iphoneos;
				SWIFT_COMPILATION_MODE = wholemodule;
				SWIFT_EMIT_LOC_STRINGS = YES;
				VALIDATE_PRODUCT = YES;
			};
			name = Release;
		};
		785F085E2B12D41300244EB4 /* Debug */ = {
			isa = XCBuildConfiguration;
			baseConfigurationReference = 78E142C92DD426260016B3DB /* Codesigning.xcconfig */;
			buildSettings = {
				ASSETCATALOG_COMPILER_ALTERNATE_APPICON_NAMES = "asb_approved thatsinceguy";
				ASSETCATALOG_COMPILER_APPICON_NAME = AppIcon;
				ASSETCATALOG_COMPILER_GLOBAL_ACCENT_COLOR_NAME = AccentColor;
				ASSETCATALOG_COMPILER_INCLUDE_ALL_APPICON_ASSETS = YES;
				CODE_SIGN_ENTITLEMENTS = Malachite/Malachite.entitlements;
				CODE_SIGN_STYLE = "$(CODE_SIGN_STYLE)";
				CURRENT_PROJECT_VERSION = 1;
				DEVELOPMENT_TEAM = "$(DEVELOPMENT_TEAM)";
				ENABLE_CPLUSPLUS_BOUNDS_SAFE_BUFFERS = YES;
				ENABLE_C_BOUNDS_SAFETY = YES;
				ENABLE_USER_SCRIPT_SANDBOXING = NO;
				GCC_PREPROCESSOR_DEFINITIONS = (
					"CFBUILDTYPE=DEBUG",
					"$(inherited)",
				);
				GENERATE_INFOPLIST_FILE = YES;
				INFOPLIST_FILE = Malachite/Info.plist;
				INFOPLIST_KEY_CFBundleDisplayName = Malachite;
				INFOPLIST_KEY_ITSAppUsesNonExemptEncryption = NO;
				INFOPLIST_KEY_LSApplicationCategoryType = "public.app-category.photography";
				INFOPLIST_KEY_LSSupportsOpeningDocumentsInPlace = YES;
				INFOPLIST_KEY_NSCameraUsageDescription = "Malachite uses the rear camera system on iPhone to present your magnified view.";
				INFOPLIST_KEY_NSPhotoLibraryAddUsageDescription = "Malachite uses write access to your library in order to save photos.";
				INFOPLIST_KEY_UIApplicationSupportsIndirectInputEvents = YES;
				INFOPLIST_KEY_UILaunchStoryboardName = LaunchScreen;
				INFOPLIST_KEY_UIMainStoryboardFile = "";
				INFOPLIST_KEY_UIRequiresFullScreen = NO;
				INFOPLIST_KEY_UIStatusBarHidden = YES;
				INFOPLIST_KEY_UIStatusBarStyle = UIStatusBarStyleDefault;
				INFOPLIST_KEY_UISupportedInterfaceOrientations = UIInterfaceOrientationPortrait;
				INFOPLIST_KEY_UISupportedInterfaceOrientations_iPad = "UIInterfaceOrientationLandscapeLeft UIInterfaceOrientationLandscapeRight UIInterfaceOrientationPortrait UIInterfaceOrientationPortraitUpsideDown";
				INFOPLIST_KEY_UIUserInterfaceStyle = Automatic;
				IPHONEOS_DEPLOYMENT_TARGET = 15.0;
				LD_RUNPATH_SEARCH_PATHS = (
					"$(inherited)",
					"@executable_path/Frameworks",
				);
				MARKETING_VERSION = 1.0.0;
				OTHER_SWIFT_FLAGS = "";
				PRODUCT_BUNDLE_IDENTIFIER = "$(APP_PREFIX).Malachite";
				PRODUCT_NAME = "$(TARGET_NAME)";
				SUPPORTED_PLATFORMS = "iphoneos iphonesimulator";
				SUPPORTS_MACCATALYST = NO;
				SUPPORTS_MAC_DESIGNED_FOR_IPHONE_IPAD = YES;
				SUPPORTS_XR_DESIGNED_FOR_IPHONE_IPAD = NO;
				SWIFT_ACTIVE_COMPILATION_CONDITIONS = "MAIN_APP $(inherited)";
				SWIFT_EMIT_LOC_STRINGS = YES;
				SWIFT_OBJC_BRIDGING_HEADER = "";
				SWIFT_OBJC_INTERFACE_HEADER_NAME = "Malachite-Swift.h";
				SWIFT_VERSION = 5.0;
				TARGETED_DEVICE_FAMILY = "1,2";
				VERSIONING_SYSTEM = "apple-generic";
			};
			name = Debug;
		};
		785F085F2B12D41300244EB4 /* Release */ = {
			isa = XCBuildConfiguration;
			baseConfigurationReference = 78E142C92DD426260016B3DB /* Codesigning.xcconfig */;
			buildSettings = {
				ASSETCATALOG_COMPILER_ALTERNATE_APPICON_NAMES = "asb_approved thatsinceguy";
				ASSETCATALOG_COMPILER_APPICON_NAME = AppIcon;
				ASSETCATALOG_COMPILER_GLOBAL_ACCENT_COLOR_NAME = AccentColor;
				ASSETCATALOG_COMPILER_INCLUDE_ALL_APPICON_ASSETS = YES;
				CODE_SIGN_ENTITLEMENTS = Malachite/Malachite.entitlements;
				CODE_SIGN_STYLE = "$(CODE_SIGN_STYLE)";
				CURRENT_PROJECT_VERSION = 1;
				DEVELOPMENT_TEAM = "$(DEVELOPMENT_TEAM)";
				ENABLE_CPLUSPLUS_BOUNDS_SAFE_BUFFERS = YES;
				ENABLE_C_BOUNDS_SAFETY = YES;
				ENABLE_USER_SCRIPT_SANDBOXING = NO;
				GCC_PREPROCESSOR_DEFINITIONS = "CFBUILDTYPE=RELEASE";
				GENERATE_INFOPLIST_FILE = YES;
				INFOPLIST_FILE = Malachite/Info.plist;
				INFOPLIST_KEY_CFBundleDisplayName = Malachite;
				INFOPLIST_KEY_ITSAppUsesNonExemptEncryption = NO;
				INFOPLIST_KEY_LSApplicationCategoryType = "public.app-category.photography";
				INFOPLIST_KEY_LSSupportsOpeningDocumentsInPlace = YES;
				INFOPLIST_KEY_NSCameraUsageDescription = "Malachite uses the rear camera system on iPhone to present your magnified view.";
				INFOPLIST_KEY_NSPhotoLibraryAddUsageDescription = "Malachite uses write access to your library in order to save photos.";
				INFOPLIST_KEY_UIApplicationSupportsIndirectInputEvents = YES;
				INFOPLIST_KEY_UILaunchStoryboardName = LaunchScreen;
				INFOPLIST_KEY_UIMainStoryboardFile = "";
				INFOPLIST_KEY_UIRequiresFullScreen = NO;
				INFOPLIST_KEY_UIStatusBarHidden = YES;
				INFOPLIST_KEY_UIStatusBarStyle = UIStatusBarStyleDefault;
				INFOPLIST_KEY_UISupportedInterfaceOrientations = UIInterfaceOrientationPortrait;
				INFOPLIST_KEY_UISupportedInterfaceOrientations_iPad = "UIInterfaceOrientationLandscapeLeft UIInterfaceOrientationLandscapeRight UIInterfaceOrientationPortrait UIInterfaceOrientationPortraitUpsideDown";
				INFOPLIST_KEY_UIUserInterfaceStyle = Automatic;
				IPHONEOS_DEPLOYMENT_TARGET = 15.0;
				LD_RUNPATH_SEARCH_PATHS = (
					"$(inherited)",
					"@executable_path/Frameworks",
				);
				MARKETING_VERSION = 1.0.0;
				OTHER_SWIFT_FLAGS = "";
				PRODUCT_BUNDLE_IDENTIFIER = "$(APP_PREFIX).Malachite";
				PRODUCT_NAME = "$(TARGET_NAME)";
				SUPPORTED_PLATFORMS = "iphoneos iphonesimulator";
				SUPPORTS_MACCATALYST = NO;
				SUPPORTS_MAC_DESIGNED_FOR_IPHONE_IPAD = YES;
				SUPPORTS_XR_DESIGNED_FOR_IPHONE_IPAD = NO;
				SWIFT_ACTIVE_COMPILATION_CONDITIONS = MAIN_APP;
				SWIFT_EMIT_LOC_STRINGS = YES;
				SWIFT_OBJC_BRIDGING_HEADER = "";
				SWIFT_OBJC_INTERFACE_HEADER_NAME = "Malachite-Swift.h";
				SWIFT_VERSION = 5.0;
				TARGETED_DEVICE_FAMILY = "1,2";
				VERSIONING_SYSTEM = "apple-generic";
			};
			name = Release;
		};
		78917F6B2B99AE73005E10FA /* Debug */ = {
			isa = XCBuildConfiguration;
			baseConfigurationReference = 78E142C92DD426260016B3DB /* Codesigning.xcconfig */;
			buildSettings = {
				ASSETCATALOG_COMPILER_GLOBAL_ACCENT_COLOR_NAME = AccentColor;
				ASSETCATALOG_COMPILER_WIDGET_BACKGROUND_COLOR_NAME = WidgetBackground;
				CODE_SIGN_STYLE = "$(CODE_SIGN_STYLE)";
				CURRENT_PROJECT_VERSION = 1;
				DEVELOPMENT_TEAM = "$(DEVELOPMENT_TEAM)";
				ENABLE_CPLUSPLUS_BOUNDS_SAFE_BUFFERS = YES;
				ENABLE_C_BOUNDS_SAFETY = YES;
				GCC_PREPROCESSOR_DEFINITIONS = "$(inherited)";
				GENERATE_INFOPLIST_FILE = YES;
				INFOPLIST_FILE = Malachite/WidgetBundle/Info.plist;
				INFOPLIST_KEY_CFBundleDisplayName = MalachiteWidgetBundle;
				INFOPLIST_KEY_NSHumanReadableCopyright = "";
				IPHONEOS_DEPLOYMENT_TARGET = 16.0;
				LD_RUNPATH_SEARCH_PATHS = (
					"$(inherited)",
					"@executable_path/Frameworks",
					"@executable_path/../../Frameworks",
				);
				MARKETING_VERSION = 1.0.0;
				OTHER_SWIFT_FLAGS = "";
				PRODUCT_BUNDLE_IDENTIFIER = "$(APP_PREFIX).Malachite.WidgetBundle";
				PRODUCT_NAME = "$(TARGET_NAME)";
				SKIP_INSTALL = YES;
				SUPPORTED_PLATFORMS = "iphoneos iphonesimulator";
				SUPPORTS_MACCATALYST = NO;
				SUPPORTS_MAC_DESIGNED_FOR_IPHONE_IPAD = NO;
				SUPPORTS_XR_DESIGNED_FOR_IPHONE_IPAD = NO;
				SWIFT_ACTIVE_COMPILATION_CONDITIONS = "APP_EXTENSION $(inherited)";
				SWIFT_EMIT_LOC_STRINGS = YES;
				SWIFT_VERSION = 5.0;
				TARGETED_DEVICE_FAMILY = "1,2";
				VERSIONING_SYSTEM = "apple-generic";
				WATCHOS_DEPLOYMENT_TARGET = 26.0;
			};
			name = Debug;
		};
		78917F6C2B99AE73005E10FA /* Release */ = {
			isa = XCBuildConfiguration;
			baseConfigurationReference = 78E142C92DD426260016B3DB /* Codesigning.xcconfig */;
			buildSettings = {
				ASSETCATALOG_COMPILER_GLOBAL_ACCENT_COLOR_NAME = AccentColor;
				ASSETCATALOG_COMPILER_WIDGET_BACKGROUND_COLOR_NAME = WidgetBackground;
				CODE_SIGN_STYLE = "$(CODE_SIGN_STYLE)";
				CURRENT_PROJECT_VERSION = 1;
				DEVELOPMENT_TEAM = "$(DEVELOPMENT_TEAM)";
				ENABLE_CPLUSPLUS_BOUNDS_SAFE_BUFFERS = YES;
				ENABLE_C_BOUNDS_SAFETY = YES;
				GCC_PREPROCESSOR_DEFINITIONS = "";
				GENERATE_INFOPLIST_FILE = YES;
				INFOPLIST_FILE = Malachite/WidgetBundle/Info.plist;
				INFOPLIST_KEY_CFBundleDisplayName = MalachiteWidgetBundle;
				INFOPLIST_KEY_NSHumanReadableCopyright = "";
				IPHONEOS_DEPLOYMENT_TARGET = 16.0;
				LD_RUNPATH_SEARCH_PATHS = (
					"$(inherited)",
					"@executable_path/Frameworks",
					"@executable_path/../../Frameworks",
				);
				MARKETING_VERSION = 1.0.0;
				OTHER_SWIFT_FLAGS = "";
				PRODUCT_BUNDLE_IDENTIFIER = "$(APP_PREFIX).Malachite.WidgetBundle";
				PRODUCT_NAME = "$(TARGET_NAME)";
				SKIP_INSTALL = YES;
				SUPPORTED_PLATFORMS = "iphoneos iphonesimulator";
				SUPPORTS_MACCATALYST = NO;
				SUPPORTS_MAC_DESIGNED_FOR_IPHONE_IPAD = NO;
				SUPPORTS_XR_DESIGNED_FOR_IPHONE_IPAD = NO;
				SWIFT_ACTIVE_COMPILATION_CONDITIONS = APP_EXTENSION;
				SWIFT_EMIT_LOC_STRINGS = YES;
				SWIFT_VERSION = 5.0;
				TARGETED_DEVICE_FAMILY = "1,2";
				VERSIONING_SYSTEM = "apple-generic";
				WATCHOS_DEPLOYMENT_TARGET = 26.0;
			};
			name = Release;
		};
		78A9DD6D2CD55551002C131D /* Debug */ = {
			isa = XCBuildConfiguration;
			baseConfigurationReference = 78E142C92DD426260016B3DB /* Codesigning.xcconfig */;
			buildSettings = {
				CODE_SIGN_STYLE = "$(CODE_SIGN_STYLE)";
				CURRENT_PROJECT_VERSION = 1;
				DEVELOPMENT_TEAM = "$(DEVELOPMENT_TEAM)";
				ENABLE_CPLUSPLUS_BOUNDS_SAFE_BUFFERS = YES;
				ENABLE_C_BOUNDS_SAFETY = YES;
				GENERATE_INFOPLIST_FILE = YES;
				INFOPLIST_FILE = Malachite/CaptureBundle/Info.plist;
				INFOPLIST_KEY_CFBundleDisplayName = MalachiteCaptureBundle;
				INFOPLIST_KEY_NSCameraUsageDescription = "Malachite uses the rear camera system on iPhone to present your magnified view.";
				INFOPLIST_KEY_NSHumanReadableCopyright = "";
				INFOPLIST_KEY_NSPhotoLibraryAddUsageDescription = "Malachite uses write access to your library in order to save photos.";
				INFOPLIST_KEY_UISupportedInterfaceOrientations = UIInterfaceOrientationPortrait;
				INFOPLIST_KEY_UISupportedInterfaceOrientations_iPad = "UIInterfaceOrientationPortrait UIInterfaceOrientationPortraitUpsideDown UIInterfaceOrientationLandscapeLeft UIInterfaceOrientationLandscapeRight";
				IPHONEOS_DEPLOYMENT_TARGET = 18.0;
				LD_RUNPATH_SEARCH_PATHS = (
					"$(inherited)",
					"@executable_path/Frameworks",
					"@executable_path/../../Frameworks",
				);
				MARKETING_VERSION = 1.0.0;
				PRODUCT_BUNDLE_IDENTIFIER = "$(APP_PREFIX).Malachite.CaptureBundle";
				PRODUCT_NAME = "$(TARGET_NAME)";
				SKIP_INSTALL = YES;
				SUPPORTED_PLATFORMS = "iphoneos iphonesimulator";
				SUPPORTS_MACCATALYST = NO;
				SUPPORTS_MAC_DESIGNED_FOR_IPHONE_IPAD = NO;
				SUPPORTS_XR_DESIGNED_FOR_IPHONE_IPAD = NO;
				SWIFT_ACTIVE_COMPILATION_CONDITIONS = "APP_EXTENSION $(inherited)";
				SWIFT_EMIT_LOC_STRINGS = YES;
				SWIFT_VERSION = 5.0;
				TARGETED_DEVICE_FAMILY = 1;
			};
			name = Debug;
		};
		78A9DD6E2CD55551002C131D /* Internal */ = {
			isa = XCBuildConfiguration;
			baseConfigurationReference = 78E142C92DD426260016B3DB /* Codesigning.xcconfig */;
			buildSettings = {
				CODE_SIGN_STYLE = "$(CODE_SIGN_STYLE)";
				CURRENT_PROJECT_VERSION = 1;
				DEVELOPMENT_TEAM = "$(DEVELOPMENT_TEAM)";
				ENABLE_CPLUSPLUS_BOUNDS_SAFE_BUFFERS = YES;
				ENABLE_C_BOUNDS_SAFETY = YES;
				GENERATE_INFOPLIST_FILE = YES;
				INFOPLIST_FILE = Malachite/CaptureBundle/Info.plist;
				INFOPLIST_KEY_CFBundleDisplayName = MalachiteCaptureBundle;
				INFOPLIST_KEY_NSCameraUsageDescription = "Malachite uses the rear camera system on iPhone to present your magnified view.";
				INFOPLIST_KEY_NSHumanReadableCopyright = "";
				INFOPLIST_KEY_NSPhotoLibraryAddUsageDescription = "Malachite uses write access to your library in order to save photos.";
				INFOPLIST_KEY_UISupportedInterfaceOrientations = UIInterfaceOrientationPortrait;
				INFOPLIST_KEY_UISupportedInterfaceOrientations_iPad = "UIInterfaceOrientationPortrait UIInterfaceOrientationPortraitUpsideDown UIInterfaceOrientationLandscapeLeft UIInterfaceOrientationLandscapeRight";
				IPHONEOS_DEPLOYMENT_TARGET = 18.0;
				LD_RUNPATH_SEARCH_PATHS = (
					"$(inherited)",
					"@executable_path/Frameworks",
					"@executable_path/../../Frameworks",
				);
				MARKETING_VERSION = 1.0.0;
				PRODUCT_BUNDLE_IDENTIFIER = "$(APP_PREFIX).Malachite.CaptureBundle";
				PRODUCT_NAME = "$(TARGET_NAME)";
				SKIP_INSTALL = YES;
				SUPPORTED_PLATFORMS = "iphoneos iphonesimulator";
				SUPPORTS_MACCATALYST = NO;
				SUPPORTS_MAC_DESIGNED_FOR_IPHONE_IPAD = NO;
				SUPPORTS_XR_DESIGNED_FOR_IPHONE_IPAD = NO;
				SWIFT_ACTIVE_COMPILATION_CONDITIONS = "APP_EXTENSION $(inherited)";
				SWIFT_EMIT_LOC_STRINGS = YES;
				SWIFT_VERSION = 5.0;
				TARGETED_DEVICE_FAMILY = 1;
			};
			name = Internal;
		};
		78A9DD6F2CD55551002C131D /* Release */ = {
			isa = XCBuildConfiguration;
			baseConfigurationReference = 78E142C92DD426260016B3DB /* Codesigning.xcconfig */;
			buildSettings = {
				CODE_SIGN_STYLE = "$(CODE_SIGN_STYLE)";
				CURRENT_PROJECT_VERSION = 1;
				DEVELOPMENT_TEAM = "$(DEVELOPMENT_TEAM)";
				ENABLE_CPLUSPLUS_BOUNDS_SAFE_BUFFERS = YES;
				ENABLE_C_BOUNDS_SAFETY = YES;
				GENERATE_INFOPLIST_FILE = YES;
				INFOPLIST_FILE = Malachite/CaptureBundle/Info.plist;
				INFOPLIST_KEY_CFBundleDisplayName = MalachiteCaptureBundle;
				INFOPLIST_KEY_NSCameraUsageDescription = "Malachite uses the rear camera system on iPhone to present your magnified view.";
				INFOPLIST_KEY_NSHumanReadableCopyright = "";
				INFOPLIST_KEY_NSPhotoLibraryAddUsageDescription = "Malachite uses write access to your library in order to save photos.";
				INFOPLIST_KEY_UISupportedInterfaceOrientations = UIInterfaceOrientationPortrait;
				INFOPLIST_KEY_UISupportedInterfaceOrientations_iPad = "UIInterfaceOrientationPortrait UIInterfaceOrientationPortraitUpsideDown UIInterfaceOrientationLandscapeLeft UIInterfaceOrientationLandscapeRight";
				IPHONEOS_DEPLOYMENT_TARGET = 18.0;
				LD_RUNPATH_SEARCH_PATHS = (
					"$(inherited)",
					"@executable_path/Frameworks",
					"@executable_path/../../Frameworks",
				);
				MARKETING_VERSION = 1.0.0;
				PRODUCT_BUNDLE_IDENTIFIER = "$(APP_PREFIX).Malachite.CaptureBundle";
				PRODUCT_NAME = "$(TARGET_NAME)";
				SKIP_INSTALL = YES;
				SUPPORTED_PLATFORMS = "iphoneos iphonesimulator";
				SUPPORTS_MACCATALYST = NO;
				SUPPORTS_MAC_DESIGNED_FOR_IPHONE_IPAD = NO;
				SUPPORTS_XR_DESIGNED_FOR_IPHONE_IPAD = NO;
				SWIFT_ACTIVE_COMPILATION_CONDITIONS = APP_EXTENSION;
				SWIFT_EMIT_LOC_STRINGS = YES;
				SWIFT_VERSION = 5.0;
				TARGETED_DEVICE_FAMILY = 1;
			};
			name = Release;
		};
		78B72BB32E332830002E2D4E /* Debug */ = {
			isa = XCBuildConfiguration;
			buildSettings = {
				ASSETCATALOG_COMPILER_APPICON_NAME = AppIcon;
				ASSETCATALOG_COMPILER_GLOBAL_ACCENT_COLOR_NAME = AccentColor;
				CODE_SIGN_STYLE = Automatic;
				CURRENT_PROJECT_VERSION = 1;
				DEVELOPMENT_TEAM = "$(DEVELOPMENT_TEAM)";
				ENABLE_ENHANCED_SECURITY = NO;
				ENABLE_POINTER_AUTHENTICATION = NO;
				ENABLE_PREVIEWS = YES;
				ENABLE_USER_SCRIPT_SANDBOXING = NO;
				EXCLUDED_ARCHS = arm64e;
				GENERATE_INFOPLIST_FILE = YES;
				INFOPLIST_FILE = MalachiteWatch/Info.plist;
				INFOPLIST_KEY_CFBundleDisplayName = "Malachite Remote";
				INFOPLIST_KEY_UISupportedInterfaceOrientations = "UIInterfaceOrientationPortrait UIInterfaceOrientationPortraitUpsideDown";
				INFOPLIST_KEY_WKCompanionAppBundleIdentifier = dev.crystll1ne.Malachite;
				LD_RUNPATH_SEARCH_PATHS = (
					"$(inherited)",
					"@executable_path/Frameworks",
				);
				MARKETING_VERSION = 1.0.0;
				PRODUCT_BUNDLE_IDENTIFIER = "$(APP_PREFIX).Malachite.WatchRemote";
				PRODUCT_NAME = "$(TARGET_NAME)";
				SDKROOT = watchos;
				SKIP_INSTALL = YES;
				STRING_CATALOG_GENERATE_SYMBOLS = YES;
				SWIFT_ACTIVE_COMPILATION_CONDITIONS = "MAIN_APP $(inherited)";
				SWIFT_APPROACHABLE_CONCURRENCY = YES;
				SWIFT_DEFAULT_ACTOR_ISOLATION = MainActor;
				SWIFT_EMIT_LOC_STRINGS = YES;
				SWIFT_UPCOMING_FEATURE_MEMBER_IMPORT_VISIBILITY = YES;
				SWIFT_VERSION = 5.0;
				TARGETED_DEVICE_FAMILY = 4;
				WATCHOS_DEPLOYMENT_TARGET = 8.0;
			};
			name = Debug;
		};
		78B72BB42E332830002E2D4E /* Internal */ = {
			isa = XCBuildConfiguration;
			buildSettings = {
				ASSETCATALOG_COMPILER_APPICON_NAME = AppIcon;
				ASSETCATALOG_COMPILER_GLOBAL_ACCENT_COLOR_NAME = AccentColor;
				CODE_SIGN_STYLE = Automatic;
				CURRENT_PROJECT_VERSION = 1;
				DEVELOPMENT_TEAM = "$(DEVELOPMENT_TEAM)";
				ENABLE_ENHANCED_SECURITY = NO;
				ENABLE_POINTER_AUTHENTICATION = NO;
				ENABLE_PREVIEWS = YES;
				ENABLE_USER_SCRIPT_SANDBOXING = NO;
				EXCLUDED_ARCHS = arm64e;
				GENERATE_INFOPLIST_FILE = YES;
				INFOPLIST_FILE = MalachiteWatch/Info.plist;
				INFOPLIST_KEY_CFBundleDisplayName = "Malachite Remote";
				INFOPLIST_KEY_UISupportedInterfaceOrientations = "UIInterfaceOrientationPortrait UIInterfaceOrientationPortraitUpsideDown";
				INFOPLIST_KEY_WKCompanionAppBundleIdentifier = dev.crystll1ne.Malachite;
				LD_RUNPATH_SEARCH_PATHS = (
					"$(inherited)",
					"@executable_path/Frameworks",
				);
				MARKETING_VERSION = 1.0.0;
				PRODUCT_BUNDLE_IDENTIFIER = "$(APP_PREFIX).Malachite.WatchRemote";
				PRODUCT_NAME = "$(TARGET_NAME)";
				SDKROOT = watchos;
				SKIP_INSTALL = YES;
				STRING_CATALOG_GENERATE_SYMBOLS = YES;
				SWIFT_ACTIVE_COMPILATION_CONDITIONS = "MAIN_APP $(inherited)";
				SWIFT_APPROACHABLE_CONCURRENCY = YES;
				SWIFT_DEFAULT_ACTOR_ISOLATION = MainActor;
				SWIFT_EMIT_LOC_STRINGS = YES;
				SWIFT_UPCOMING_FEATURE_MEMBER_IMPORT_VISIBILITY = YES;
				SWIFT_VERSION = 5.0;
				TARGETED_DEVICE_FAMILY = 4;
				WATCHOS_DEPLOYMENT_TARGET = 8.0;
			};
			name = Internal;
		};
		78B72BB52E332830002E2D4E /* Release */ = {
			isa = XCBuildConfiguration;
			buildSettings = {
				ASSETCATALOG_COMPILER_APPICON_NAME = AppIcon;
				ASSETCATALOG_COMPILER_GLOBAL_ACCENT_COLOR_NAME = AccentColor;
				CODE_SIGN_STYLE = Automatic;
				CURRENT_PROJECT_VERSION = 1;
				DEVELOPMENT_TEAM = "$(DEVELOPMENT_TEAM)";
				ENABLE_ENHANCED_SECURITY = NO;
				ENABLE_POINTER_AUTHENTICATION = NO;
				ENABLE_PREVIEWS = YES;
				ENABLE_USER_SCRIPT_SANDBOXING = NO;
				EXCLUDED_ARCHS = arm64e;
				GENERATE_INFOPLIST_FILE = YES;
				INFOPLIST_FILE = MalachiteWatch/Info.plist;
				INFOPLIST_KEY_CFBundleDisplayName = "Malachite Remote";
				INFOPLIST_KEY_UISupportedInterfaceOrientations = "UIInterfaceOrientationPortrait UIInterfaceOrientationPortraitUpsideDown";
				INFOPLIST_KEY_WKCompanionAppBundleIdentifier = dev.crystll1ne.Malachite;
				LD_RUNPATH_SEARCH_PATHS = (
					"$(inherited)",
					"@executable_path/Frameworks",
				);
				MARKETING_VERSION = 1.0.0;
				PRODUCT_BUNDLE_IDENTIFIER = "$(APP_PREFIX).Malachite.WatchRemote";
				PRODUCT_NAME = "$(TARGET_NAME)";
				SDKROOT = watchos;
				SKIP_INSTALL = YES;
				STRING_CATALOG_GENERATE_SYMBOLS = YES;
				SWIFT_ACTIVE_COMPILATION_CONDITIONS = MAIN_APP;
				SWIFT_APPROACHABLE_CONCURRENCY = YES;
				SWIFT_DEFAULT_ACTOR_ISOLATION = MainActor;
				SWIFT_EMIT_LOC_STRINGS = YES;
				SWIFT_UPCOMING_FEATURE_MEMBER_IMPORT_VISIBILITY = YES;
				SWIFT_VERSION = 5.0;
				TARGETED_DEVICE_FAMILY = 4;
				WATCHOS_DEPLOYMENT_TARGET = 8.0;
			};
			name = Release;
		};
		78F9DA642CBCDDB900A99638 /* Internal */ = {
			isa = XCBuildConfiguration;
			baseConfigurationReference = 78E142C92DD426260016B3DB /* Codesigning.xcconfig */;
			buildSettings = {
				ALWAYS_SEARCH_USER_PATHS = NO;
				ASSETCATALOG_COMPILER_GENERATE_SWIFT_ASSET_SYMBOL_EXTENSIONS = YES;
				CLANG_ANALYZER_NONNULL = YES;
				CLANG_ANALYZER_NUMBER_OBJECT_CONVERSION = YES_AGGRESSIVE;
				CLANG_CXX_LANGUAGE_STANDARD = "gnu++20";
				CLANG_ENABLE_MODULES = YES;
				CLANG_ENABLE_OBJC_ARC = YES;
				CLANG_ENABLE_OBJC_WEAK = YES;
				CLANG_WARN_BLOCK_CAPTURE_AUTORELEASING = YES;
				CLANG_WARN_BOOL_CONVERSION = YES;
				CLANG_WARN_COMMA = YES;
				CLANG_WARN_CONSTANT_CONVERSION = YES;
				CLANG_WARN_DEPRECATED_OBJC_IMPLEMENTATIONS = YES;
				CLANG_WARN_DIRECT_OBJC_ISA_USAGE = YES_ERROR;
				CLANG_WARN_DOCUMENTATION_COMMENTS = YES;
				CLANG_WARN_EMPTY_BODY = YES;
				CLANG_WARN_ENUM_CONVERSION = YES;
				CLANG_WARN_INFINITE_RECURSION = YES;
				CLANG_WARN_INT_CONVERSION = YES;
				CLANG_WARN_NON_LITERAL_NULL_CONVERSION = YES;
				CLANG_WARN_OBJC_IMPLICIT_RETAIN_SELF = YES;
				CLANG_WARN_OBJC_LITERAL_CONVERSION = YES;
				CLANG_WARN_OBJC_ROOT_CLASS = YES_ERROR;
				CLANG_WARN_QUOTED_INCLUDE_IN_FRAMEWORK_HEADER = YES;
				CLANG_WARN_RANGE_LOOP_ANALYSIS = YES;
				CLANG_WARN_STRICT_PROTOTYPES = YES;
				CLANG_WARN_SUSPICIOUS_MOVE = YES;
				CLANG_WARN_UNGUARDED_AVAILABILITY = YES_AGGRESSIVE;
				CLANG_WARN_UNREACHABLE_CODE = YES;
				CLANG_WARN__DUPLICATE_METHOD_MATCH = YES;
				COPY_PHASE_STRIP = NO;
				DEBUG_INFORMATION_FORMAT = dwarf;
				DEVELOPMENT_TEAM = 95J8WZ4TN8;
				ENABLE_STRICT_OBJC_MSGSEND = YES;
				ENABLE_TESTABILITY = YES;
				ENABLE_USER_SCRIPT_SANDBOXING = YES;
				GCC_C_LANGUAGE_STANDARD = gnu17;
				GCC_DYNAMIC_NO_PIC = NO;
				GCC_NO_COMMON_BLOCKS = YES;
				GCC_OPTIMIZATION_LEVEL = 0;
				GCC_PREPROCESSOR_DEFINITIONS = (
					"DEBUG=1",
					"$(inherited)",
				);
				GCC_WARN_64_TO_32_BIT_CONVERSION = YES;
				GCC_WARN_ABOUT_RETURN_TYPE = YES_ERROR;
				GCC_WARN_UNDECLARED_SELECTOR = YES;
				GCC_WARN_UNINITIALIZED_AUTOS = YES_AGGRESSIVE;
				GCC_WARN_UNUSED_FUNCTION = YES;
				GCC_WARN_UNUSED_VARIABLE = YES;
				IPHONEOS_DEPLOYMENT_TARGET = 17.2;
				LOCALIZATION_PREFERS_STRING_CATALOGS = YES;
				MTL_ENABLE_DEBUG_INFO = INCLUDE_SOURCE;
				MTL_FAST_MATH = YES;
				ONLY_ACTIVE_ARCH = YES;
				SDKROOT = iphoneos;
				SWIFT_ACTIVE_COMPILATION_CONDITIONS = "DEBUG $(inherited)";
				SWIFT_COMPILATION_MODE = singlefile;
				SWIFT_EMIT_LOC_STRINGS = YES;
				SWIFT_OPTIMIZATION_LEVEL = "-Onone";
			};
			name = Internal;
		};
		78F9DA652CBCDDB900A99638 /* Internal */ = {
			isa = XCBuildConfiguration;
			baseConfigurationReference = 78E142C92DD426260016B3DB /* Codesigning.xcconfig */;
			buildSettings = {
				ASSETCATALOG_COMPILER_ALTERNATE_APPICON_NAMES = "asb_approved thatsinceguy";
				ASSETCATALOG_COMPILER_APPICON_NAME = AppIcon;
				ASSETCATALOG_COMPILER_GLOBAL_ACCENT_COLOR_NAME = AccentColor;
				ASSETCATALOG_COMPILER_INCLUDE_ALL_APPICON_ASSETS = YES;
				CODE_SIGN_ENTITLEMENTS = Malachite/Malachite.entitlements;
				CODE_SIGN_STYLE = "$(CODE_SIGN_STYLE)";
				CURRENT_PROJECT_VERSION = 1;
				DEVELOPMENT_TEAM = "$(DEVELOPMENT_TEAM)";
				ENABLE_CPLUSPLUS_BOUNDS_SAFE_BUFFERS = YES;
				ENABLE_C_BOUNDS_SAFETY = YES;
				ENABLE_USER_SCRIPT_SANDBOXING = NO;
				GCC_PREPROCESSOR_DEFINITIONS = (
					"CFBUILDTYPE=INTERNAL",
					"$(inherited)",
				);
				GENERATE_INFOPLIST_FILE = YES;
				INFOPLIST_FILE = Malachite/Info.plist;
				INFOPLIST_KEY_CFBundleDisplayName = Malachite;
				INFOPLIST_KEY_ITSAppUsesNonExemptEncryption = NO;
				INFOPLIST_KEY_LSApplicationCategoryType = "public.app-category.photography";
				INFOPLIST_KEY_LSSupportsOpeningDocumentsInPlace = YES;
				INFOPLIST_KEY_NSCameraUsageDescription = "Malachite uses the rear camera system on iPhone to present your magnified view.";
				INFOPLIST_KEY_NSPhotoLibraryAddUsageDescription = "Malachite uses write access to your library in order to save photos.";
				INFOPLIST_KEY_UIApplicationSupportsIndirectInputEvents = YES;
				INFOPLIST_KEY_UILaunchStoryboardName = LaunchScreen;
				INFOPLIST_KEY_UIMainStoryboardFile = "";
				INFOPLIST_KEY_UIRequiresFullScreen = NO;
				INFOPLIST_KEY_UIStatusBarHidden = YES;
				INFOPLIST_KEY_UIStatusBarStyle = UIStatusBarStyleDefault;
				INFOPLIST_KEY_UISupportedInterfaceOrientations = UIInterfaceOrientationPortrait;
				INFOPLIST_KEY_UISupportedInterfaceOrientations_iPad = "UIInterfaceOrientationLandscapeLeft UIInterfaceOrientationLandscapeRight UIInterfaceOrientationPortrait UIInterfaceOrientationPortraitUpsideDown";
				INFOPLIST_KEY_UIUserInterfaceStyle = Automatic;
				IPHONEOS_DEPLOYMENT_TARGET = 15.0;
				LD_RUNPATH_SEARCH_PATHS = (
					"$(inherited)",
					"@executable_path/Frameworks",
				);
				MARKETING_VERSION = 1.0.0;
				OTHER_SWIFT_FLAGS = "";
				PRODUCT_BUNDLE_IDENTIFIER = "$(APP_PREFIX).Malachite";
				PRODUCT_NAME = "$(TARGET_NAME)";
				SUPPORTED_PLATFORMS = "iphoneos iphonesimulator";
				SUPPORTS_MACCATALYST = NO;
				SUPPORTS_MAC_DESIGNED_FOR_IPHONE_IPAD = YES;
				SUPPORTS_XR_DESIGNED_FOR_IPHONE_IPAD = NO;
				SWIFT_ACTIVE_COMPILATION_CONDITIONS = "MAIN_APP $(inherited)";
				SWIFT_EMIT_LOC_STRINGS = YES;
				SWIFT_OBJC_BRIDGING_HEADER = "";
				SWIFT_OBJC_INTERFACE_HEADER_NAME = "Malachite-Swift.h";
				SWIFT_VERSION = 5.0;
				TARGETED_DEVICE_FAMILY = "1,2";
				VERSIONING_SYSTEM = "apple-generic";
			};
			name = Internal;
		};
		78F9DA662CBCDDB900A99638 /* Internal */ = {
			isa = XCBuildConfiguration;
			baseConfigurationReference = 78E142C92DD426260016B3DB /* Codesigning.xcconfig */;
			buildSettings = {
				ASSETCATALOG_COMPILER_GLOBAL_ACCENT_COLOR_NAME = AccentColor;
				ASSETCATALOG_COMPILER_WIDGET_BACKGROUND_COLOR_NAME = WidgetBackground;
				CODE_SIGN_STYLE = "$(CODE_SIGN_STYLE)";
				CURRENT_PROJECT_VERSION = 1;
				DEVELOPMENT_TEAM = "$(DEVELOPMENT_TEAM)";
				ENABLE_CPLUSPLUS_BOUNDS_SAFE_BUFFERS = YES;
				ENABLE_C_BOUNDS_SAFETY = YES;
				GCC_PREPROCESSOR_DEFINITIONS = "$(inherited)";
				GENERATE_INFOPLIST_FILE = YES;
				INFOPLIST_FILE = Malachite/WidgetBundle/Info.plist;
				INFOPLIST_KEY_CFBundleDisplayName = MalachiteWidgetBundle;
				INFOPLIST_KEY_NSHumanReadableCopyright = "";
				IPHONEOS_DEPLOYMENT_TARGET = 16.0;
				LD_RUNPATH_SEARCH_PATHS = (
					"$(inherited)",
					"@executable_path/Frameworks",
					"@executable_path/../../Frameworks",
				);
				MARKETING_VERSION = 1.0.0;
				OTHER_SWIFT_FLAGS = "";
				PRODUCT_BUNDLE_IDENTIFIER = "$(APP_PREFIX).Malachite.WidgetBundle";
				PRODUCT_NAME = "$(TARGET_NAME)";
				SKIP_INSTALL = YES;
				SUPPORTED_PLATFORMS = "iphoneos iphonesimulator";
				SUPPORTS_MACCATALYST = NO;
				SUPPORTS_MAC_DESIGNED_FOR_IPHONE_IPAD = NO;
				SUPPORTS_XR_DESIGNED_FOR_IPHONE_IPAD = NO;
				SWIFT_ACTIVE_COMPILATION_CONDITIONS = "APP_EXTENSION $(inherited)";
				SWIFT_EMIT_LOC_STRINGS = YES;
				SWIFT_VERSION = 5.0;
				TARGETED_DEVICE_FAMILY = "1,2";
				VERSIONING_SYSTEM = "apple-generic";
				WATCHOS_DEPLOYMENT_TARGET = 26.0;
			};
			name = Internal;
		};
/* End XCBuildConfiguration section */

/* Begin XCConfigurationList section */
		7837C1112E34C45B009396B0 /* Build configuration list for PBXNativeTarget "WidgetBundleWatch" */ = {
			isa = XCConfigurationList;
			buildConfigurations = (
				7837C1122E34C45B009396B0 /* Debug */,
				7837C1132E34C45B009396B0 /* Internal */,
				7837C1142E34C45B009396B0 /* Release */,
			);
			defaultConfigurationIsVisible = 0;
			defaultConfigurationName = Internal;
		};
		785F08442B12D41100244EB4 /* Build configuration list for PBXProject "Malachite" */ = {
			isa = XCConfigurationList;
			buildConfigurations = (
				785F085B2B12D41300244EB4 /* Debug */,
				78F9DA642CBCDDB900A99638 /* Internal */,
				785F085C2B12D41300244EB4 /* Release */,
			);
			defaultConfigurationIsVisible = 0;
			defaultConfigurationName = Internal;
		};
		785F085D2B12D41300244EB4 /* Build configuration list for PBXNativeTarget "Malachite" */ = {
			isa = XCConfigurationList;
			buildConfigurations = (
				785F085E2B12D41300244EB4 /* Debug */,
				78F9DA652CBCDDB900A99638 /* Internal */,
				785F085F2B12D41300244EB4 /* Release */,
			);
			defaultConfigurationIsVisible = 0;
			defaultConfigurationName = Internal;
		};
		78917F6D2B99AE73005E10FA /* Build configuration list for PBXNativeTarget "WidgetBundle" */ = {
			isa = XCConfigurationList;
			buildConfigurations = (
				78917F6B2B99AE73005E10FA /* Debug */,
				78F9DA662CBCDDB900A99638 /* Internal */,
				78917F6C2B99AE73005E10FA /* Release */,
			);
			defaultConfigurationIsVisible = 0;
			defaultConfigurationName = Internal;
		};
		78A9DD6C2CD55551002C131D /* Build configuration list for PBXNativeTarget "CaptureBundle" */ = {
			isa = XCConfigurationList;
			buildConfigurations = (
				78A9DD6D2CD55551002C131D /* Debug */,
				78A9DD6E2CD55551002C131D /* Internal */,
				78A9DD6F2CD55551002C131D /* Release */,
			);
			defaultConfigurationIsVisible = 0;
			defaultConfigurationName = Internal;
		};
		78B72BB22E332830002E2D4E /* Build configuration list for PBXNativeTarget "MalachiteWatch" */ = {
			isa = XCConfigurationList;
			buildConfigurations = (
				78B72BB32E332830002E2D4E /* Debug */,
				78B72BB42E332830002E2D4E /* Internal */,
				78B72BB52E332830002E2D4E /* Release */,
			);
			defaultConfigurationIsVisible = 0;
			defaultConfigurationName = Internal;
		};
/* End XCConfigurationList section */
	};
	rootObject = 785F08412B12D41100244EB4 /* Project object */;
}
